// !$*UTF8*$!
{
	archiveVersion = 1;
	classes = {};
	objectVersion = 56;
	objects = {

		A10000000000000000000001 /* OmenIOSApp.swift in Sources */ = {isa = PBXBuildFile; fileRef = A10000000000000000000011 /* OmenIOSApp.swift */; };
		A10000000000000000000002 /* AppShellView.swift in Sources */ = {isa = PBXBuildFile; fileRef = A10000000000000000000012 /* AppShellView.swift */; };
		A10000000000000000000003 /* AppEnvironment.swift in Sources */ = {isa = PBXBuildFile; fileRef = A10000000000000000000013 /* AppEnvironment.swift */; };
		A10000000000000000000004 /* OmenCommandCenterScreen.swift in Sources */ = {isa = PBXBuildFile; fileRef = A10000000000000000000014 /* OmenCommandCenterScreen.swift */; };
		A10000000000000000000005 /* ScreenshotScenarios.swift in Sources */ = {isa = PBXBuildFile; fileRef = A10000000000000000000016 /* ScreenshotScenarios.swift */; };
		A20000000000000000000001 /* OmenColor.swift in Sources */ = {isa = PBXBuildFile; fileRef = A20000000000000000000011 /* OmenColor.swift */; };
		A20000000000000000000002 /* OmenSpacing.swift in Sources */ = {isa = PBXBuildFile; fileRef = A20000000000000000000012 /* OmenSpacing.swift */; };
		A20000000000000000000003 /* OmenTypography.swift in Sources */ = {isa = PBXBuildFile; fileRef = A20000000000000000000013 /* OmenTypography.swift */; };
		A20000000000000000000004 /* OmenFocusRing.swift in Sources */ = {isa = PBXBuildFile; fileRef = A20000000000000000000014 /* OmenFocusRing.swift */; };
		A20000000000000000000005 /* OmenButton.swift in Sources */ = {isa = PBXBuildFile; fileRef = A20000000000000000000015 /* OmenButton.swift */; };
		A20000000000000000000006 /* OmenIconButton.swift in Sources */ = {isa = PBXBuildFile; fileRef = A20000000000000000000016 /* OmenIconButton.swift */; };
		A20000000000000000000007 /* OmenFormField.swift in Sources */ = {isa = PBXBuildFile; fileRef = A20000000000000000000017 /* OmenFormField.swift */; };
		A20000000000000000000008 /* OmenTextField.swift in Sources */ = {isa = PBXBuildFile; fileRef = A20000000000000000000018 /* OmenTextField.swift */; };
		A20000000000000000000009 /* OmenPicker.swift in Sources */ = {isa = PBXBuildFile; fileRef = A20000000000000000000019 /* OmenPicker.swift */; };
		A20000000000000000000010 /* OmenCard.swift in Sources */ = {isa = PBXBuildFile; fileRef = A2000000000000000000001A /* OmenCard.swift */; };
		A20000000000000000000021 /* OmenBadge.swift in Sources */ = {isa = PBXBuildFile; fileRef = A2000000000000000000001B /* OmenBadge.swift */; };
		A20000000000000000000022 /* OmenChip.swift in Sources */ = {isa = PBXBuildFile; fileRef = A2000000000000000000001C /* OmenChip.swift */; };
		A20000000000000000000023 /* OmenModalSheet.swift in Sources */ = {isa = PBXBuildFile; fileRef = A2000000000000000000001D /* OmenModalSheet.swift */; };
		A20000000000000000000024 /* OmenStateSurface.swift in Sources */ = {isa = PBXBuildFile; fileRef = A2000000000000000000001E /* OmenStateSurface.swift */; };
		A20000000000000000000025 /* OmenListRow.swift in Sources */ = {isa = PBXBuildFile; fileRef = A2000000000000000000001F /* OmenListRow.swift */; };
		A20000000000000000000026 /* OmenPlatformBadge.swift in Sources */ = {isa = PBXBuildFile; fileRef = A20000000000000000000030 /* OmenPlatformBadge.swift */; };
		A20000000000000000000027 /* OmenConfirmationDialog.swift in Sources */ = {isa = PBXBuildFile; fileRef = A20000000000000000000031 /* OmenConfirmationDialog.swift */; };
		A20000000000000000000028 /* DesignSystemGalleryView.swift in Sources */ = {isa = PBXBuildFile; fileRef = A20000000000000000000032 /* DesignSystemGalleryView.swift */; };
		A20000000000000000000029 /* OmenConfidenceBar.swift in Sources */ = {isa = PBXBuildFile; fileRef = A20000000000000000000033 /* OmenConfidenceBar.swift */; };
		A2000000000000000000002A /* OmenRiskPanel.swift in Sources */ = {isa = PBXBuildFile; fileRef = A20000000000000000000034 /* OmenRiskPanel.swift */; };
		A2000000000000000000002B /* OmenMetricStrip.swift in Sources */ = {isa = PBXBuildFile; fileRef = A20000000000000000000035 /* OmenMetricStrip.swift */; };
		A2000000000000000000002C /* OmenSignalList.swift in Sources */ = {isa = PBXBuildFile; fileRef = A20000000000000000000036 /* OmenSignalList.swift */; };
		A2000000000000000000002D /* OmenPlayerRow.swift in Sources */ = {isa = PBXBuildFile; fileRef = A20000000000000000000037 /* OmenPlayerRow.swift */; };
		A2000000000000000000002E /* OmenConnectionStatusBadge.swift in Sources */ = {isa = PBXBuildFile; fileRef = A20000000000000000000038 /* OmenConnectionStatusBadge.swift */; };
		A2000000000000000000002F /* OmenPlatformConnectionCard.swift in Sources */ = {isa = PBXBuildFile; fileRef = A20000000000000000000039 /* OmenPlatformConnectionCard.swift */; };
		A20000000000000000000040 /* OmenDecisionBrief.swift in Sources */ = {isa = PBXBuildFile; fileRef = A20000000000000000000041 /* OmenDecisionBrief.swift */; };
		A20000000000000000000042 /* OmenContextStrip.swift in Sources */ = {isa = PBXBuildFile; fileRef = A20000000000000000000043 /* OmenContextStrip.swift */; };
		A20000000000000000000044 /* OmenMatchupHero.swift in Sources */ = {isa = PBXBuildFile; fileRef = A20000000000000000000045 /* OmenMatchupHero.swift */; };

		B10000000000000000000001 /* SessionState.swift in Sources */ = {isa = PBXBuildFile; fileRef = B10000000000000000000011 /* SessionState.swift */; };
		B10000000000000000000002 /* Session.swift in Sources */ = {isa = PBXBuildFile; fileRef = B10000000000000000000012 /* Session.swift */; };
		B10000000000000000000003 /* SecureSessionStore.swift in Sources */ = {isa = PBXBuildFile; fileRef = B10000000000000000000013 /* SecureSessionStore.swift */; };
		B10000000000000000000004 /* KeychainSessionStore.swift in Sources */ = {isa = PBXBuildFile; fileRef = B10000000000000000000014 /* KeychainSessionStore.swift */; };
		B10000000000000000000005 /* SessionManager.swift in Sources */ = {isa = PBXBuildFile; fileRef = B10000000000000000000015 /* SessionManager.swift */; };

		B20000000000000000000001 /* AuthMechanism.swift in Sources */ = {isa = PBXBuildFile; fileRef = B20000000000000000000011 /* AuthMechanism.swift */; };
		B20000000000000000000002 /* AuthOutcome.swift in Sources */ = {isa = PBXBuildFile; fileRef = B20000000000000000000012 /* AuthOutcome.swift */; };
		B20000000000000000000003 /* Validators.swift in Sources */ = {isa = PBXBuildFile; fileRef = B20000000000000000000013 /* Validators.swift */; };
		B20000000000000000000004 /* GoTrueTransport.swift in Sources */ = {isa = PBXBuildFile; fileRef = B20000000000000000000014 /* GoTrueTransport.swift */; };
		B20000000000000000000005 /* AuthRepository.swift in Sources */ = {isa = PBXBuildFile; fileRef = B20000000000000000000015 /* AuthRepository.swift */; };
		B20000000000000000000006 /* AppleIDTokenProvider.swift in Sources */ = {isa = PBXBuildFile; fileRef = B20000000000000000000016 /* AppleIDTokenProvider.swift */; };
		B20000000000000000000007 /* SupabaseAuthRepository.swift in Sources */ = {isa = PBXBuildFile; fileRef = B20000000000000000000017 /* SupabaseAuthRepository.swift */; };
		B20000000000000000000008 /* AccountDeletion.swift in Sources */ = {isa = PBXBuildFile; fileRef = B20000000000000000000018 /* AccountDeletion.swift */; };
		B20000000000000000000009 /* FakeAuthRepository.swift in Sources */ = {isa = PBXBuildFile; fileRef = B20000000000000000000019 /* FakeAuthRepository.swift */; };
		B20000000000000000000010 /* AuthFlow.swift in Sources */ = {isa = PBXBuildFile; fileRef = B20000000000000000000020 /* AuthFlow.swift */; };

		B30000000000000000000001 /* URLSessionGoTrueTransport.swift in Sources */ = {isa = PBXBuildFile; fileRef = B30000000000000000000011 /* URLSessionGoTrueTransport.swift */; };
		B30000000000000000000002 /* URLSessionAccountRepository.swift in Sources */ = {isa = PBXBuildFile; fileRef = B30000000000000000000012 /* URLSessionAccountRepository.swift */; };
		B30000000000000000000003 /* NativeAppleIDTokenProvider.swift in Sources */ = {isa = PBXBuildFile; fileRef = B30000000000000000000013 /* NativeAppleIDTokenProvider.swift */; };
		B30000000000000000000004 /* AuthViewModel.swift in Sources */ = {isa = PBXBuildFile; fileRef = B30000000000000000000014 /* AuthViewModel.swift */; };
		B30000000000000000000005 /* WelcomeView.swift in Sources */ = {isa = PBXBuildFile; fileRef = B30000000000000000000015 /* WelcomeView.swift */; };
		B30000000000000000000006 /* SignInView.swift in Sources */ = {isa = PBXBuildFile; fileRef = B30000000000000000000016 /* SignInView.swift */; };
		B30000000000000000000007 /* CommandCenterView.swift in Sources */ = {isa = PBXBuildFile; fileRef = B30000000000000000000017 /* CommandCenterView.swift */; };
		B30000000000000000000008 /* AccountView.swift in Sources */ = {isa = PBXBuildFile; fileRef = B30000000000000000000018 /* AccountView.swift */; };
		B30000000000000000000009 /* DeleteAccountConfirmationView.swift in Sources */ = {isa = PBXBuildFile; fileRef = B30000000000000000000019 /* DeleteAccountConfirmationView.swift */; };

		B60000000000000000000001 /* SessionManagerTests.swift in Sources */ = {isa = PBXBuildFile; fileRef = B60000000000000000000011 /* SessionManagerTests.swift */; };
		B60000000000000000000002 /* AuthFlowReducerTests.swift in Sources */ = {isa = PBXBuildFile; fileRef = B60000000000000000000012 /* AuthFlowReducerTests.swift */; };
		B60000000000000000000003 /* ValidatorsTests.swift in Sources */ = {isa = PBXBuildFile; fileRef = B60000000000000000000013 /* ValidatorsTests.swift */; };
		B60000000000000000000004 /* FakeAuthRepositoryTests.swift in Sources */ = {isa = PBXBuildFile; fileRef = B60000000000000000000014 /* FakeAuthRepositoryTests.swift */; };
		B60000000000000000000005 /* SupabaseAuthRepositoryTests.swift in Sources */ = {isa = PBXBuildFile; fileRef = B60000000000000000000015 /* SupabaseAuthRepositoryTests.swift */; };
		B60000000000000000000006 /* AccountDeletionTests.swift in Sources */ = {isa = PBXBuildFile; fileRef = B60000000000000000000016 /* AccountDeletionTests.swift */; };
		B60000000000000000000007 /* OmenPlatformBadgeTests.swift in Sources */ = {isa = PBXBuildFile; fileRef = B60000000000000000000017 /* OmenPlatformBadgeTests.swift */; };
		B60000000000000000000008 /* OmenConfirmationDialogTests.swift in Sources */ = {isa = PBXBuildFile; fileRef = B60000000000000000000018 /* OmenConfirmationDialogTests.swift */; };
		B60000000000000000000009 /* PrimitiveEnforcementTests.swift in Sources */ = {isa = PBXBuildFile; fileRef = B60000000000000000000019 /* PrimitiveEnforcementTests.swift */; };
		B6000000000000000000000A /* OmenMetricPrimitivesTests.swift in Sources */ = {isa = PBXBuildFile; fileRef = B6000000000000000000001A /* OmenMetricPrimitivesTests.swift */; };
		B6000000000000000000000B /* OmenConnectionPrimitivesTests.swift in Sources */ = {isa = PBXBuildFile; fileRef = B6000000000000000000001B /* OmenConnectionPrimitivesTests.swift */; };
		B6000000000000000000000C /* OmenDecisionBriefTests.swift in Sources */ = {isa = PBXBuildFile; fileRef = B6000000000000000000001C /* OmenDecisionBriefTests.swift */; };
		B6000000000000000000000D /* OmenCommandCenterScreenTests.swift in Sources */ = {isa = PBXBuildFile; fileRef = B6000000000000000000001D /* OmenCommandCenterScreenTests.swift */; };
		B6000000000000000000000E /* OmenContextStripTests.swift in Sources */ = {isa = PBXBuildFile; fileRef = B6000000000000000000001E /* OmenContextStripTests.swift */; };
		B6000000000000000000000F /* OmenMatchupHeroTests.swift in Sources */ = {isa = PBXBuildFile; fileRef = B6000000000000000000001F /* OmenMatchupHeroTests.swift */; };

		A10000000000000000000011 /* OmenIOSApp.swift */ = {isa = PBXFileReference; lastKnownFileType = sourcecode.swift; path = OmenIOSApp.swift; sourceTree = "<group>"; };
		A10000000000000000000012 /* AppShellView.swift */ = {isa = PBXFileReference; lastKnownFileType = sourcecode.swift; path = AppShellView.swift; sourceTree = "<group>"; };
		A10000000000000000000013 /* AppEnvironment.swift */ = {isa = PBXFileReference; lastKnownFileType = sourcecode.swift; path = AppEnvironment.swift; sourceTree = "<group>"; };
		A10000000000000000000014 /* OmenCommandCenterScreen.swift */ = {isa = PBXFileReference; lastKnownFileType = sourcecode.swift; path = OmenCommandCenterScreen.swift; sourceTree = "<group>"; };
		A10000000000000000000016 /* ScreenshotScenarios.swift */ = {isa = PBXFileReference; lastKnownFileType = sourcecode.swift; path = ScreenshotScenarios.swift; sourceTree = "<group>"; };
		A10000000000000000000015 /* Info.plist */ = {isa = PBXFileReference; lastKnownFileType = text.plist.xml; path = Info.plist; sourceTree = "<group>"; };
		A10000000000000000000020 /* OmenIOS.app */ = {isa = PBXFileReference; explicitFileType = wrapper.application; path = OmenIOS.app; sourceTree = BUILT_PRODUCTS_DIR; };
		A20000000000000000000011 /* OmenColor.swift */ = {isa = PBXFileReference; lastKnownFileType = sourcecode.swift; path = OmenColor.swift; sourceTree = "<group>"; };
		A20000000000000000000012 /* OmenSpacing.swift */ = {isa = PBXFileReference; lastKnownFileType = sourcecode.swift; path = OmenSpacing.swift; sourceTree = "<group>"; };
		A20000000000000000000013 /* OmenTypography.swift */ = {isa = PBXFileReference; lastKnownFileType = sourcecode.swift; path = OmenTypography.swift; sourceTree = "<group>"; };
		A20000000000000000000014 /* OmenFocusRing.swift */ = {isa = PBXFileReference; lastKnownFileType = sourcecode.swift; path = OmenFocusRing.swift; sourceTree = "<group>"; };
		A20000000000000000000015 /* OmenButton.swift */ = {isa = PBXFileReference; lastKnownFileType = sourcecode.swift; path = OmenButton.swift; sourceTree = "<group>"; };
		A20000000000000000000016 /* OmenIconButton.swift */ = {isa = PBXFileReference; lastKnownFileType = sourcecode.swift; path = OmenIconButton.swift; sourceTree = "<group>"; };
		A20000000000000000000017 /* OmenFormField.swift */ = {isa = PBXFileReference; lastKnownFileType = sourcecode.swift; path = OmenFormField.swift; sourceTree = "<group>"; };
		A20000000000000000000018 /* OmenTextField.swift */ = {isa = PBXFileReference; lastKnownFileType = sourcecode.swift; path = OmenTextField.swift; sourceTree = "<group>"; };
		A20000000000000000000019 /* OmenPicker.swift */ = {isa = PBXFileReference; lastKnownFileType = sourcecode.swift; path = OmenPicker.swift; sourceTree = "<group>"; };
		A2000000000000000000001A /* OmenCard.swift */ = {isa = PBXFileReference; lastKnownFileType = sourcecode.swift; path = OmenCard.swift; sourceTree = "<group>"; };
		A2000000000000000000001B /* OmenBadge.swift */ = {isa = PBXFileReference; lastKnownFileType = sourcecode.swift; path = OmenBadge.swift; sourceTree = "<group>"; };
		A2000000000000000000001C /* OmenChip.swift */ = {isa = PBXFileReference; lastKnownFileType = sourcecode.swift; path = OmenChip.swift; sourceTree = "<group>"; };
		A2000000000000000000001D /* OmenModalSheet.swift */ = {isa = PBXFileReference; lastKnownFileType = sourcecode.swift; path = OmenModalSheet.swift; sourceTree = "<group>"; };
		A2000000000000000000001E /* OmenStateSurface.swift */ = {isa = PBXFileReference; lastKnownFileType = sourcecode.swift; path = OmenStateSurface.swift; sourceTree = "<group>"; };
		A2000000000000000000001F /* OmenListRow.swift */ = {isa = PBXFileReference; lastKnownFileType = sourcecode.swift; path = OmenListRow.swift; sourceTree = "<group>"; };
		A20000000000000000000030 /* OmenPlatformBadge.swift */ = {isa = PBXFileReference; lastKnownFileType = sourcecode.swift; path = OmenPlatformBadge.swift; sourceTree = "<group>"; };
		A20000000000000000000031 /* OmenConfirmationDialog.swift */ = {isa = PBXFileReference; lastKnownFileType = sourcecode.swift; path = OmenConfirmationDialog.swift; sourceTree = "<group>"; };
		A20000000000000000000032 /* DesignSystemGalleryView.swift */ = {isa = PBXFileReference; lastKnownFileType = sourcecode.swift; path = DesignSystemGalleryView.swift; sourceTree = "<group>"; };
		A20000000000000000000033 /* OmenConfidenceBar.swift */ = {isa = PBXFileReference; lastKnownFileType = sourcecode.swift; path = OmenConfidenceBar.swift; sourceTree = "<group>"; };
		A20000000000000000000034 /* OmenRiskPanel.swift */ = {isa = PBXFileReference; lastKnownFileType = sourcecode.swift; path = OmenRiskPanel.swift; sourceTree = "<group>"; };
		A20000000000000000000035 /* OmenMetricStrip.swift */ = {isa = PBXFileReference; lastKnownFileType = sourcecode.swift; path = OmenMetricStrip.swift; sourceTree = "<group>"; };
		A20000000000000000000036 /* OmenSignalList.swift */ = {isa = PBXFileReference; lastKnownFileType = sourcecode.swift; path = OmenSignalList.swift; sourceTree = "<group>"; };
		A20000000000000000000037 /* OmenPlayerRow.swift */ = {isa = PBXFileReference; lastKnownFileType = sourcecode.swift; path = OmenPlayerRow.swift; sourceTree = "<group>"; };
		A20000000000000000000038 /* OmenConnectionStatusBadge.swift */ = {isa = PBXFileReference; lastKnownFileType = sourcecode.swift; path = OmenConnectionStatusBadge.swift; sourceTree = "<group>"; };
		A20000000000000000000039 /* OmenPlatformConnectionCard.swift */ = {isa = PBXFileReference; lastKnownFileType = sourcecode.swift; path = OmenPlatformConnectionCard.swift; sourceTree = "<group>"; };
		A20000000000000000000041 /* OmenDecisionBrief.swift */ = {isa = PBXFileReference; lastKnownFileType = sourcecode.swift; path = OmenDecisionBrief.swift; sourceTree = "<group>"; };
		A20000000000000000000043 /* OmenContextStrip.swift */ = {isa = PBXFileReference; lastKnownFileType = sourcecode.swift; path = OmenContextStrip.swift; sourceTree = "<group>"; };
		A20000000000000000000045 /* OmenMatchupHero.swift */ = {isa = PBXFileReference; lastKnownFileType = sourcecode.swift; path = OmenMatchupHero.swift; sourceTree = "<group>"; };

		B10000000000000000000011 /* SessionState.swift */ = {isa = PBXFileReference; lastKnownFileType = sourcecode.swift; path = SessionState.swift; sourceTree = "<group>"; };
		B10000000000000000000012 /* Session.swift */ = {isa = PBXFileReference; lastKnownFileType = sourcecode.swift; path = Session.swift; sourceTree = "<group>"; };
		B10000000000000000000013 /* SecureSessionStore.swift */ = {isa = PBXFileReference; lastKnownFileType = sourcecode.swift; path = SecureSessionStore.swift; sourceTree = "<group>"; };
		B10000000000000000000014 /* KeychainSessionStore.swift */ = {isa = PBXFileReference; lastKnownFileType = sourcecode.swift; path = KeychainSessionStore.swift; sourceTree = "<group>"; };
		B10000000000000000000015 /* SessionManager.swift */ = {isa = PBXFileReference; lastKnownFileType = sourcecode.swift; path = SessionManager.swift; sourceTree = "<group>"; };

		B20000000000000000000011 /* AuthMechanism.swift */ = {isa = PBXFileReference; lastKnownFileType = sourcecode.swift; path = AuthMechanism.swift; sourceTree = "<group>"; };
		B20000000000000000000012 /* AuthOutcome.swift */ = {isa = PBXFileReference; lastKnownFileType = sourcecode.swift; path = AuthOutcome.swift; sourceTree = "<group>"; };
		B20000000000000000000013 /* Validators.swift */ = {isa = PBXFileReference; lastKnownFileType = sourcecode.swift; path = Validators.swift; sourceTree = "<group>"; };
		B20000000000000000000014 /* GoTrueTransport.swift */ = {isa = PBXFileReference; lastKnownFileType = sourcecode.swift; path = GoTrueTransport.swift; sourceTree = "<group>"; };
		B20000000000000000000015 /* AuthRepository.swift */ = {isa = PBXFileReference; lastKnownFileType = sourcecode.swift; path = AuthRepository.swift; sourceTree = "<group>"; };
		B20000000000000000000016 /* AppleIDTokenProvider.swift */ = {isa = PBXFileReference; lastKnownFileType = sourcecode.swift; path = AppleIDTokenProvider.swift; sourceTree = "<group>"; };
		B20000000000000000000017 /* SupabaseAuthRepository.swift */ = {isa = PBXFileReference; lastKnownFileType = sourcecode.swift; path = SupabaseAuthRepository.swift; sourceTree = "<group>"; };
		B20000000000000000000018 /* AccountDeletion.swift */ = {isa = PBXFileReference; lastKnownFileType = sourcecode.swift; path = AccountDeletion.swift; sourceTree = "<group>"; };
		B20000000000000000000019 /* FakeAuthRepository.swift */ = {isa = PBXFileReference; lastKnownFileType = sourcecode.swift; path = FakeAuthRepository.swift; sourceTree = "<group>"; };
		B20000000000000000000020 /* AuthFlow.swift */ = {isa = PBXFileReference; lastKnownFileType = sourcecode.swift; path = AuthFlow.swift; sourceTree = "<group>"; };

		B30000000000000000000011 /* URLSessionGoTrueTransport.swift */ = {isa = PBXFileReference; lastKnownFileType = sourcecode.swift; path = URLSessionGoTrueTransport.swift; sourceTree = "<group>"; };
		B30000000000000000000012 /* URLSessionAccountRepository.swift */ = {isa = PBXFileReference; lastKnownFileType = sourcecode.swift; path = URLSessionAccountRepository.swift; sourceTree = "<group>"; };
		B30000000000000000000013 /* NativeAppleIDTokenProvider.swift */ = {isa = PBXFileReference; lastKnownFileType = sourcecode.swift; path = NativeAppleIDTokenProvider.swift; sourceTree = "<group>"; };
		B30000000000000000000014 /* AuthViewModel.swift */ = {isa = PBXFileReference; lastKnownFileType = sourcecode.swift; path = AuthViewModel.swift; sourceTree = "<group>"; };
		B30000000000000000000015 /* WelcomeView.swift */ = {isa = PBXFileReference; lastKnownFileType = sourcecode.swift; path = WelcomeView.swift; sourceTree = "<group>"; };
		B30000000000000000000016 /* SignInView.swift */ = {isa = PBXFileReference; lastKnownFileType = sourcecode.swift; path = SignInView.swift; sourceTree = "<group>"; };
		B30000000000000000000017 /* CommandCenterView.swift */ = {isa = PBXFileReference; lastKnownFileType = sourcecode.swift; path = CommandCenterView.swift; sourceTree = "<group>"; };
		B30000000000000000000018 /* AccountView.swift */ = {isa = PBXFileReference; lastKnownFileType = sourcecode.swift; path = AccountView.swift; sourceTree = "<group>"; };
		B30000000000000000000019 /* DeleteAccountConfirmationView.swift */ = {isa = PBXFileReference; lastKnownFileType = sourcecode.swift; path = DeleteAccountConfirmationView.swift; sourceTree = "<group>"; };

		B40000000000000000000011 /* Base.xcconfig */ = {isa = PBXFileReference; lastKnownFileType = text.xcconfig; path = Base.xcconfig; sourceTree = "<group>"; };

		B50000000000000000000001 /* OmenIOSTests.xctest */ = {isa = PBXFileReference; explicitFileType = wrapper.cfbundle; includeInIndex = 0; path = OmenIOSTests.xctest; sourceTree = BUILT_PRODUCTS_DIR; };

		B60000000000000000000011 /* SessionManagerTests.swift */ = {isa = PBXFileReference; lastKnownFileType = sourcecode.swift; path = SessionManagerTests.swift; sourceTree = "<group>"; };
		B60000000000000000000012 /* AuthFlowReducerTests.swift */ = {isa = PBXFileReference; lastKnownFileType = sourcecode.swift; path = AuthFlowReducerTests.swift; sourceTree = "<group>"; };
		B60000000000000000000013 /* ValidatorsTests.swift */ = {isa = PBXFileReference; lastKnownFileType = sourcecode.swift; path = ValidatorsTests.swift; sourceTree = "<group>"; };
		B60000000000000000000014 /* FakeAuthRepositoryTests.swift */ = {isa = PBXFileReference; lastKnownFileType = sourcecode.swift; path = FakeAuthRepositoryTests.swift; sourceTree = "<group>"; };
		B60000000000000000000015 /* SupabaseAuthRepositoryTests.swift */ = {isa = PBXFileReference; lastKnownFileType = sourcecode.swift; path = SupabaseAuthRepositoryTests.swift; sourceTree = "<group>"; };
		B60000000000000000000016 /* AccountDeletionTests.swift */ = {isa = PBXFileReference; lastKnownFileType = sourcecode.swift; path = AccountDeletionTests.swift; sourceTree = "<group>"; };
		B60000000000000000000017 /* OmenPlatformBadgeTests.swift */ = {isa = PBXFileReference; lastKnownFileType = sourcecode.swift; path = OmenPlatformBadgeTests.swift; sourceTree = "<group>"; };
		B60000000000000000000018 /* OmenConfirmationDialogTests.swift */ = {isa = PBXFileReference; lastKnownFileType = sourcecode.swift; path = OmenConfirmationDialogTests.swift; sourceTree = "<group>"; };
		B60000000000000000000019 /* PrimitiveEnforcementTests.swift */ = {isa = PBXFileReference; lastKnownFileType = sourcecode.swift; path = PrimitiveEnforcementTests.swift; sourceTree = "<group>"; };
		B6000000000000000000001A /* OmenMetricPrimitivesTests.swift */ = {isa = PBXFileReference; lastKnownFileType = sourcecode.swift; path = OmenMetricPrimitivesTests.swift; sourceTree = "<group>"; };
		B6000000000000000000001B /* OmenConnectionPrimitivesTests.swift */ = {isa = PBXFileReference; lastKnownFileType = sourcecode.swift; path = OmenConnectionPrimitivesTests.swift; sourceTree = "<group>"; };
		B6000000000000000000001C /* OmenDecisionBriefTests.swift */ = {isa = PBXFileReference; lastKnownFileType = sourcecode.swift; path = OmenDecisionBriefTests.swift; sourceTree = "<group>"; };
		B6000000000000000000001D /* OmenCommandCenterScreenTests.swift */ = {isa = PBXFileReference; lastKnownFileType = sourcecode.swift; path = OmenCommandCenterScreenTests.swift; sourceTree = "<group>"; };
		B6000000000000000000001E /* OmenContextStripTests.swift */ = {isa = PBXFileReference; lastKnownFileType = sourcecode.swift; path = OmenContextStripTests.swift; sourceTree = "<group>"; };
		B6000000000000000000001F /* OmenMatchupHeroTests.swift */ = {isa = PBXFileReference; lastKnownFileType = sourcecode.swift; path = OmenMatchupHeroTests.swift; sourceTree = "<group>"; };

		A10000000000000000000030 = {isa = PBXGroup; children = (A10000000000000000000031 /* OmenIOS */, B40000000000000000000020 /* Config */, B60000000000000000000020 /* OmenIOSTests */, A10000000000000000000032 /* Products */); sourceTree = "<group>"; };
		A10000000000000000000031 /* OmenIOS */ = {isa = PBXGroup; children = (A10000000000000000000033 /* App */, A20000000000000000000020 /* DesignSystem */, B10000000000000000000020 /* Session */, B20000000000000000000030 /* Auth */, B30000000000000000000030 /* AppAuth */, A10000000000000000000015 /* Info.plist */); path = OmenIOS; sourceTree = "<group>"; };
		A10000000000000000000032 /* Products */ = {isa = PBXGroup; children = (A10000000000000000000020 /* OmenIOS.app */, B50000000000000000000001 /* OmenIOSTests.xctest */); name = Products; sourceTree = "<group>"; };
		A10000000000000000000033 /* App */ = {isa = PBXGroup; children = (A10000000000000000000011 /* OmenIOSApp.swift */, A10000000000000000000012 /* AppShellView.swift */, A10000000000000000000013 /* AppEnvironment.swift */, A10000000000000000000034 /* CommandCenter */, A10000000000000000000035 /* Screenshot */); path = App; sourceTree = "<group>"; };
		A10000000000000000000034 /* CommandCenter */ = {isa = PBXGroup; children = (A10000000000000000000014 /* OmenCommandCenterScreen.swift */); path = CommandCenter; sourceTree = "<group>"; };
		A10000000000000000000035 /* Screenshot */ = {isa = PBXGroup; children = (A10000000000000000000016 /* ScreenshotScenarios.swift */); path = Screenshot; sourceTree = "<group>"; };
		A20000000000000000000020 /* DesignSystem */ = {isa = PBXGroup; children = (A20000000000000000000011 /* OmenColor.swift */, A20000000000000000000012 /* OmenSpacing.swift */, A20000000000000000000013 /* OmenTypography.swift */, A20000000000000000000014 /* OmenFocusRing.swift */, A20000000000000000000015 /* OmenButton.swift */, A20000000000000000000016 /* OmenIconButton.swift */, A20000000000000000000017 /* OmenFormField.swift */, A20000000000000000000018 /* OmenTextField.swift */, A20000000000000000000019 /* OmenPicker.swift */, A2000000000000000000001A /* OmenCard.swift */, A2000000000000000000001B /* OmenBadge.swift */, A2000000000000000000001C /* OmenChip.swift */, A2000000000000000000001D /* OmenModalSheet.swift */, A2000000000000000000001E /* OmenStateSurface.swift */, A2000000000000000000001F /* OmenListRow.swift */, A20000000000000000000030 /* OmenPlatformBadge.swift */, A20000000000000000000031 /* OmenConfirmationDialog.swift */, A20000000000000000000033 /* OmenConfidenceBar.swift */, A20000000000000000000034 /* OmenRiskPanel.swift */, A20000000000000000000035 /* OmenMetricStrip.swift */, A20000000000000000000036 /* OmenSignalList.swift */, A20000000000000000000037 /* OmenPlayerRow.swift */, A20000000000000000000038 /* OmenConnectionStatusBadge.swift */, A20000000000000000000039 /* OmenPlatformConnectionCard.swift */, A20000000000000000000041 /* OmenDecisionBrief.swift */, A20000000000000000000043 /* OmenContextStrip.swift */, A20000000000000000000045 /* OmenMatchupHero.swift */, A20000000000000000000032 /* DesignSystemGalleryView.swift */); path = DesignSystem; sourceTree = "<group>"; };

		B10000000000000000000020 /* Session */ = {isa = PBXGroup; children = (B10000000000000000000011 /* SessionState.swift */, B10000000000000000000012 /* Session.swift */, B10000000000000000000013 /* SecureSessionStore.swift */, B10000000000000000000014 /* KeychainSessionStore.swift */, B10000000000000000000015 /* SessionManager.swift */); path = Core/Session; sourceTree = "<group>"; };
		B20000000000000000000030 /* Auth */ = {isa = PBXGroup; children = (B20000000000000000000011 /* AuthMechanism.swift */, B20000000000000000000012 /* AuthOutcome.swift */, B20000000000000000000013 /* Validators.swift */, B20000000000000000000014 /* GoTrueTransport.swift */, B20000000000000000000015 /* AuthRepository.swift */, B20000000000000000000016 /* AppleIDTokenProvider.swift */, B20000000000000000000017 /* SupabaseAuthRepository.swift */, B20000000000000000000018 /* AccountDeletion.swift */, B20000000000000000000019 /* FakeAuthRepository.swift */, B20000000000000000000020 /* AuthFlow.swift */); path = Core/Auth; sourceTree = "<group>"; };
		B30000000000000000000030 /* AppAuth */ = {isa = PBXGroup; children = (B30000000000000000000011 /* URLSessionGoTrueTransport.swift */, B30000000000000000000012 /* URLSessionAccountRepository.swift */, B30000000000000000000013 /* NativeAppleIDTokenProvider.swift */, B30000000000000000000014 /* AuthViewModel.swift */, B30000000000000000000015 /* WelcomeView.swift */, B30000000000000000000016 /* SignInView.swift */, B30000000000000000000017 /* CommandCenterView.swift */, B30000000000000000000018 /* AccountView.swift */, B30000000000000000000019 /* DeleteAccountConfirmationView.swift */); path = App/Auth; sourceTree = "<group>"; };
		B40000000000000000000020 /* Config */ = {isa = PBXGroup; children = (B40000000000000000000011 /* Base.xcconfig */); path = Config; sourceTree = "<group>"; };
		B60000000000000000000020 /* OmenIOSTests */ = {isa = PBXGroup; children = (B60000000000000000000011 /* SessionManagerTests.swift */, B60000000000000000000012 /* AuthFlowReducerTests.swift */, B60000000000000000000013 /* ValidatorsTests.swift */, B60000000000000000000014 /* FakeAuthRepositoryTests.swift */, B60000000000000000000015 /* SupabaseAuthRepositoryTests.swift */, B60000000000000000000016 /* AccountDeletionTests.swift */, B60000000000000000000017 /* OmenPlatformBadgeTests.swift */, B60000000000000000000018 /* OmenConfirmationDialogTests.swift */, B60000000000000000000019 /* PrimitiveEnforcementTests.swift */, B6000000000000000000001A /* OmenMetricPrimitivesTests.swift */, B6000000000000000000001B /* OmenConnectionPrimitivesTests.swift */, B6000000000000000000001C /* OmenDecisionBriefTests.swift */, B6000000000000000000001D /* OmenCommandCenterScreenTests.swift */, B6000000000000000000001E /* OmenContextStripTests.swift */, B6000000000000000000001F /* OmenMatchupHeroTests.swift */); path = OmenIOSTests; sourceTree = "<group>"; };

		A10000000000000000000040 /* Sources */ = {isa = PBXSourcesBuildPhase; buildActionMask = 2147483647; files = (A10000000000000000000001 /* OmenIOSApp.swift in Sources */, A10000000000000000000002 /* AppShellView.swift in Sources */, A10000000000000000000003 /* AppEnvironment.swift in Sources */, A10000000000000000000004 /* OmenCommandCenterScreen.swift in Sources */, A10000000000000000000005 /* ScreenshotScenarios.swift in Sources */, A20000000000000000000001 /* OmenColor.swift in Sources */, A20000000000000000000002 /* OmenSpacing.swift in Sources */, A20000000000000000000003 /* OmenTypography.swift in Sources */, A20000000000000000000004 /* OmenFocusRing.swift in Sources */, A20000000000000000000005 /* OmenButton.swift in Sources */, A20000000000000000000006 /* OmenIconButton.swift in Sources */, A20000000000000000000007 /* OmenFormField.swift in Sources */, A20000000000000000000008 /* OmenTextField.swift in Sources */, A20000000000000000000009 /* OmenPicker.swift in Sources */, A20000000000000000000010 /* OmenCard.swift in Sources */, A20000000000000000000021 /* OmenBadge.swift in Sources */, A20000000000000000000022 /* OmenChip.swift in Sources */, A20000000000000000000023 /* OmenModalSheet.swift in Sources */, A20000000000000000000024 /* OmenStateSurface.swift in Sources */, A20000000000000000000025 /* OmenListRow.swift in Sources */, A20000000000000000000026 /* OmenPlatformBadge.swift in Sources */, A20000000000000000000027 /* OmenConfirmationDialog.swift in Sources */, A20000000000000000000029 /* OmenConfidenceBar.swift in Sources */, A2000000000000000000002A /* OmenRiskPanel.swift in Sources */, A2000000000000000000002B /* OmenMetricStrip.swift in Sources */, A2000000000000000000002C /* OmenSignalList.swift in Sources */, A2000000000000000000002D /* OmenPlayerRow.swift in Sources */, A2000000000000000000002E /* OmenConnectionStatusBadge.swift in Sources */, A2000000000000000000002F /* OmenPlatformConnectionCard.swift in Sources */, A20000000000000000000040 /* OmenDecisionBrief.swift in Sources */, A20000000000000000000042 /* OmenContextStrip.swift in Sources */, A20000000000000000000044 /* OmenMatchupHero.swift in Sources */, A20000000000000000000028 /* DesignSystemGalleryView.swift in Sources */, B10000000000000000000001 /* SessionState.swift in Sources */, B10000000000000000000002 /* Session.swift in Sources */, B10000000000000000000003 /* SecureSessionStore.swift in Sources */, B10000000000000000000004 /* KeychainSessionStore.swift in Sources */, B10000000000000000000005 /* SessionManager.swift in Sources */, B20000000000000000000001 /* AuthMechanism.swift in Sources */, B20000000000000000000002 /* AuthOutcome.swift in Sources */, B20000000000000000000003 /* Validators.swift in Sources */, B20000000000000000000004 /* GoTrueTransport.swift in Sources */, B20000000000000000000005 /* AuthRepository.swift in Sources */, B20000000000000000000006 /* AppleIDTokenProvider.swift in Sources */, B20000000000000000000007 /* SupabaseAuthRepository.swift in Sources */, B20000000000000000000008 /* AccountDeletion.swift in Sources */, B20000000000000000000009 /* FakeAuthRepository.swift in Sources */, B20000000000000000000010 /* AuthFlow.swift in Sources */, B30000000000000000000001 /* URLSessionGoTrueTransport.swift in Sources */, B30000000000000000000002 /* URLSessionAccountRepository.swift in Sources */, B30000000000000000000003 /* NativeAppleIDTokenProvider.swift in Sources */, B30000000000000000000004 /* AuthViewModel.swift in Sources */, B30000000000000000000005 /* WelcomeView.swift in Sources */, B30000000000000000000006 /* SignInView.swift in Sources */, B30000000000000000000007 /* CommandCenterView.swift in Sources */, B30000000000000000000008 /* AccountView.swift in Sources */, B30000000000000000000009 /* DeleteAccountConfirmationView.swift in Sources */); runOnlyForDeploymentPostprocessing = 0; };
		A10000000000000000000041 /* Resources */ = {isa = PBXResourcesBuildPhase; buildActionMask = 2147483647; files = (); runOnlyForDeploymentPostprocessing = 0; };
		A10000000000000000000042 /* Frameworks */ = {isa = PBXFrameworksBuildPhase; buildActionMask = 2147483647; files = (); runOnlyForDeploymentPostprocessing = 0; };

		B50000000000000000000010 /* Sources */ = {isa = PBXSourcesBuildPhase; buildActionMask = 2147483647; files = (B60000000000000000000001 /* SessionManagerTests.swift in Sources */, B60000000000000000000002 /* AuthFlowReducerTests.swift in Sources */, B60000000000000000000003 /* ValidatorsTests.swift in Sources */, B60000000000000000000004 /* FakeAuthRepositoryTests.swift in Sources */, B60000000000000000000005 /* SupabaseAuthRepositoryTests.swift in Sources */, B60000000000000000000006 /* AccountDeletionTests.swift in Sources */, B60000000000000000000007 /* OmenPlatformBadgeTests.swift in Sources */, B60000000000000000000008 /* OmenConfirmationDialogTests.swift in Sources */, B60000000000000000000009 /* PrimitiveEnforcementTests.swift in Sources */, B6000000000000000000000A /* OmenMetricPrimitivesTests.swift in Sources */, B6000000000000000000000B /* OmenConnectionPrimitivesTests.swift in Sources */, B6000000000000000000000C /* OmenDecisionBriefTests.swift in Sources */, B6000000000000000000000D /* OmenCommandCenterScreenTests.swift in Sources */, B6000000000000000000000E /* OmenContextStripTests.swift in Sources */, B6000000000000000000000F /* OmenMatchupHeroTests.swift in Sources */); runOnlyForDeploymentPostprocessing = 0; };
		B50000000000000000000011 /* Resources */ = {isa = PBXResourcesBuildPhase; buildActionMask = 2147483647; files = (); runOnlyForDeploymentPostprocessing = 0; };
		B50000000000000000000012 /* Frameworks */ = {isa = PBXFrameworksBuildPhase; buildActionMask = 2147483647; files = (); runOnlyForDeploymentPostprocessing = 0; };

		B50000000000000000000040 /* PBXContainerItemProxy */ = {isa = PBXContainerItemProxy; containerPortal = A10000000000000000000070 /* Project object */; proxyType = 1; remoteGlobalIDString = A10000000000000000000050; remoteInfo = OmenIOS; };
		B50000000000000000000041 /* PBXTargetDependency */ = {isa = PBXTargetDependency; target = A10000000000000000000050 /* OmenIOS */; targetProxy = B50000000000000000000040 /* PBXContainerItemProxy */; };

		A10000000000000000000050 /* OmenIOS */ = {isa = PBXNativeTarget; buildConfigurationList = A10000000000000000000060 /* Build configuration list for PBXNativeTarget */; buildPhases = (A10000000000000000000040 /* Sources */, A10000000000000000000041 /* Resources */, A10000000000000000000042 /* Frameworks */); buildRules = (); dependencies = (); name = OmenIOS; productName = OmenIOS; productReference = A10000000000000000000020 /* OmenIOS.app */; productType = "com.apple.product-type.application"; };
		B50000000000000000000020 /* OmenIOSTests */ = {isa = PBXNativeTarget; buildConfigurationList = B50000000000000000000030 /* Build configuration list for PBXNativeTarget "OmenIOSTests" */; buildPhases = (B50000000000000000000010 /* Sources */, B50000000000000000000011 /* Resources */, B50000000000000000000012 /* Frameworks */); buildRules = (); dependencies = (B50000000000000000000041 /* PBXTargetDependency */); name = OmenIOSTests; productName = OmenIOSTests; productReference = B50000000000000000000001 /* OmenIOSTests.xctest */; productType = "com.apple.product-type.bundle.unit-test"; };
		A10000000000000000000070 /* Project object */ = {isa = PBXProject; attributes = { LastUpgradeCheck = 1600; TargetAttributes = { A10000000000000000000050 = { CreatedOnToolsVersion = 16.0; }; B50000000000000000000020 = { CreatedOnToolsVersion = 16.0; TestTargetID = A10000000000000000000050; }; }; }; buildConfigurationList = A10000000000000000000071 /* Build configuration list for PBXProject */; compatibilityVersion = "Xcode 14.0"; developmentRegion = en; hasScannedForEncodings = 0; knownRegions = (en, Base); mainGroup = A10000000000000000000030; productRefGroup = A10000000000000000000032 /* Products */; projectDirPath = ""; projectRoot = ""; targets = (A10000000000000000000050 /* OmenIOS */, B50000000000000000000020 /* OmenIOSTests */); };
		A10000000000000000000071 /* Build configuration list for PBXProject */ = {isa = XCConfigurationList; buildConfigurations = (A10000000000000000000072 /* Debug */, A10000000000000000000073 /* Release */); defaultConfigurationIsVisible = 0; defaultConfigurationName = Release; };
		A10000000000000000000060 /* Build configuration list for PBXNativeTarget */ = {isa = XCConfigurationList; buildConfigurations = (A10000000000000000000061 /* Debug */, A10000000000000000000062 /* Release */); defaultConfigurationIsVisible = 0; defaultConfigurationName = Release; };
		A10000000000000000000072 /* Debug */ = {isa = XCBuildConfiguration; buildSettings = { CLANG_ENABLE_MODULES = YES; }; name = Debug; };
		A10000000000000000000073 /* Release */ = {isa = XCBuildConfiguration; buildSettings = { CLANG_ENABLE_MODULES = YES; }; name = Release; };
		A10000000000000000000061 /* Debug */ = {isa = XCBuildConfiguration; baseConfigurationReference = B40000000000000000000011 /* Base.xcconfig */; buildSettings = { CODE_SIGNING_ALLOWED = NO; CODE_SIGNING_REQUIRED = NO; CURRENT_PROJECT_VERSION = 1; DEVELOPMENT_TEAM = ""; ENABLE_TESTABILITY = YES; INFOPLIST_FILE = OmenIOS/Info.plist; IPHONEOS_DEPLOYMENT_TARGET = 17.0; MARKETING_VERSION = 0.1.0; PRODUCT_BUNDLE_IDENTIFIER = com.slopssaloon.omen; PRODUCT_NAME = Omen; SDKROOT = iphoneos; SWIFT_VERSION = 5.0; TARGETED_DEVICE_FAMILY = "1,2"; }; name = Debug; };
		A10000000000000000000062 /* Release */ = {isa = XCBuildConfiguration; baseConfigurationReference = B40000000000000000000011 /* Base.xcconfig */; buildSettings = { CODE_SIGNING_ALLOWED = NO; CODE_SIGNING_REQUIRED = NO; CURRENT_PROJECT_VERSION = 1; DEVELOPMENT_TEAM = ""; INFOPLIST_FILE = OmenIOS/Info.plist; IPHONEOS_DEPLOYMENT_TARGET = 17.0; MARKETING_VERSION = 0.1.0; PRODUCT_BUNDLE_IDENTIFIER = com.slopssaloon.omen; PRODUCT_NAME = Omen; SDKROOT = iphoneos; SWIFT_VERSION = 5.0; TARGETED_DEVICE_FAMILY = "1,2"; }; name = Release; };

		B50000000000000000000030 /* Build configuration list for PBXNativeTarget "OmenIOSTests" */ = {isa = XCConfigurationList; buildConfigurations = (B50000000000000000000031 /* Debug */, B50000000000000000000032 /* Release */); defaultConfigurationIsVisible = 0; defaultConfigurationName = Release; };
		B50000000000000000000031 /* Debug */ = {isa = XCBuildConfiguration; buildSettings = { BUNDLE_LOADER = "$(TEST_HOST)"; CODE_SIGNING_ALLOWED = NO; CODE_SIGNING_REQUIRED = NO; CURRENT_PROJECT_VERSION = 1; GENERATE_INFOPLIST_FILE = YES; IPHONEOS_DEPLOYMENT_TARGET = 17.0; PRODUCT_BUNDLE_IDENTIFIER = com.slopssaloon.omen.tests; PRODUCT_NAME = "$(TARGET_NAME)"; SDKROOT = iphoneos; SWIFT_VERSION = 5.0; TARGETED_DEVICE_FAMILY = "1,2"; TEST_HOST = "$(BUILT_PRODUCTS_DIR)/Omen.app/Omen"; }; name = Debug; };
		B50000000000000000000032 /* Release */ = {isa = XCBuildConfiguration; buildSettings = { BUNDLE_LOADER = "$(TEST_HOST)"; CODE_SIGNING_ALLOWED = NO; CODE_SIGNING_REQUIRED = NO; CURRENT_PROJECT_VERSION = 1; GENERATE_INFOPLIST_FILE = YES; IPHONEOS_DEPLOYMENT_TARGET = 17.0; PRODUCT_BUNDLE_IDENTIFIER = com.slopssaloon.omen.tests; PRODUCT_NAME = "$(TARGET_NAME)"; SDKROOT = iphoneos; SWIFT_VERSION = 5.0; TARGETED_DEVICE_FAMILY = "1,2"; TEST_HOST = "$(BUILT_PRODUCTS_DIR)/Omen.app/Omen"; }; name = Release; };
	};
	rootObject = A10000000000000000000070 /* Project object */;
}
