// !$*UTF8*$!
{
	archiveVersion = 1;
	classes = {};
	objectVersion = 56;
	objects = {

		A10000000000000000000001 /* OmenIOSApp.swift in Sources */ = {isa = PBXBuildFile; fileRef = A10000000000000000000011 /* OmenIOSApp.swift */; };
		A10000000000000000000002 /* AppShellView.swift in Sources */ = {isa = PBXBuildFile; fileRef = A10000000000000000000012 /* AppShellView.swift */; };
		A10000000000000000000003 /* AppEnvironment.swift in Sources */ = {isa = PBXBuildFile; fileRef = A10000000000000000000013 /* AppEnvironment.swift */; };
		A10000000000000000000004 /* OmenCommandCenterScreen.swift in Sources */ = {isa = PBXBuildFile; fileRef = A10000000000000000000014 /* OmenCommandCenterScreen.swift */; };
		A10000000000000000000005 /* ScreenshotScenarios.swift in Sources */ = {isa = PBXBuildFile; fileRef = A10000000000000000000016 /* ScreenshotScenarios.swift */; };
		E10000000000000000000001 /* Assets.xcassets in Resources */ = {isa = PBXBuildFile; fileRef = E10000000000000000000011 /* Assets.xcassets */; };
		E10000000000000000000002 /* Omen.icon in Resources */ = {isa = PBXBuildFile; fileRef = E10000000000000000000012 /* Omen.icon */; };
		A20000000000000000000001 /* OmenColor.swift in Sources */ = {isa = PBXBuildFile; fileRef = A20000000000000000000011 /* OmenColor.swift */; };
		A20000000000000000000002 /* OmenSpacing.swift in Sources */ = {isa = PBXBuildFile; fileRef = A20000000000000000000012 /* OmenSpacing.swift */; };
		A20000000000000000000003 /* OmenTypography.swift in Sources */ = {isa = PBXBuildFile; fileRef = A20000000000000000000013 /* OmenTypography.swift */; };
		A20000000000000000000004 /* OmenFocusRing.swift in Sources */ = {isa = PBXBuildFile; fileRef = A20000000000000000000014 /* OmenFocusRing.swift */; };
		A20000000000000000000005 /* OmenButton.swift in Sources */ = {isa = PBXBuildFile; fileRef = A20000000000000000000015 /* OmenButton.swift */; };
		A20000000000000000000006 /* OmenIconButton.swift in Sources */ = {isa = PBXBuildFile; fileRef = A20000000000000000000016 /* OmenIconButton.swift */; };
		A20000000000000000000007 /* OmenFormField.swift in Sources */ = {isa = PBXBuildFile; fileRef = A20000000000000000000017 /* OmenFormField.swift */; };
		A20000000000000000000008 /* OmenTextField.swift in Sources */ = {isa = PBXBuildFile; fileRef = A20000000000000000000018 /* OmenTextField.swift */; };
		A20000000000000000000009 /* OmenPicker.swift in Sources */ = {isa = PBXBuildFile; fileRef = A20000000000000000000019 /* OmenPicker.swift */; };
		A20000000000000000000010 /* OmenCard.swift in Sources */ = {isa = PBXBuildFile; fileRef = A2000000000000000000001A /* OmenCard.swift */; };
		A20000000000000000000021 /* OmenBadge.swift in Sources */ = {isa = PBXBuildFile; fileRef = A2000000000000000000001B /* OmenBadge.swift */; };
		A20000000000000000000022 /* OmenChip.swift in Sources */ = {isa = PBXBuildFile; fileRef = A2000000000000000000001C /* OmenChip.swift */; };
		A20000000000000000000023 /* OmenModalSheet.swift in Sources */ = {isa = PBXBuildFile; fileRef = A2000000000000000000001D /* OmenModalSheet.swift */; };
		A20000000000000000000024 /* OmenStateSurface.swift in Sources */ = {isa = PBXBuildFile; fileRef = A2000000000000000000001E /* OmenStateSurface.swift */; };
		A20000000000000000000025 /* OmenListRow.swift in Sources */ = {isa = PBXBuildFile; fileRef = A2000000000000000000001F /* OmenListRow.swift */; };
		A20000000000000000000026 /* OmenPlatformBadge.swift in Sources */ = {isa = PBXBuildFile; fileRef = A20000000000000000000030 /* OmenPlatformBadge.swift */; };
		A20000000000000000000027 /* OmenConfirmationDialog.swift in Sources */ = {isa = PBXBuildFile; fileRef = A20000000000000000000031 /* OmenConfirmationDialog.swift */; };
		A20000000000000000000028 /* DesignSystemGalleryView.swift in Sources */ = {isa = PBXBuildFile; fileRef = A20000000000000000000032 /* DesignSystemGalleryView.swift */; };
		A20000000000000000000029 /* OmenConfidenceBar.swift in Sources */ = {isa = PBXBuildFile; fileRef = A20000000000000000000033 /* OmenConfidenceBar.swift */; };
		A2000000000000000000002A /* OmenRiskPanel.swift in Sources */ = {isa = PBXBuildFile; fileRef = A20000000000000000000034 /* OmenRiskPanel.swift */; };
		A2000000000000000000002B /* OmenMetricStrip.swift in Sources */ = {isa = PBXBuildFile; fileRef = A20000000000000000000035 /* OmenMetricStrip.swift */; };
		A2000000000000000000002C /* OmenSignalList.swift in Sources */ = {isa = PBXBuildFile; fileRef = A20000000000000000000036 /* OmenSignalList.swift */; };
		A2000000000000000000002D /* OmenPlayerRow.swift in Sources */ = {isa = PBXBuildFile; fileRef = A20000000000000000000037 /* OmenPlayerRow.swift */; };
		A2000000000000000000002E /* OmenConnectionStatusBadge.swift in Sources */ = {isa = PBXBuildFile; fileRef = A20000000000000000000038 /* OmenConnectionStatusBadge.swift */; };
		A20000000000000000000046 /* OmenPlatformCompactRow.swift in Sources */ = {isa = PBXBuildFile; fileRef = A20000000000000000000047 /* OmenPlatformCompactRow.swift */; };
		A2000000000000000000002F /* OmenPlatformConnectionCard.swift in Sources */ = {isa = PBXBuildFile; fileRef = A20000000000000000000039 /* OmenPlatformConnectionCard.swift */; };
		A20000000000000000000040 /* OmenDecisionBrief.swift in Sources */ = {isa = PBXBuildFile; fileRef = A20000000000000000000041 /* OmenDecisionBrief.swift */; };
		A20000000000000000000042 /* OmenContextStrip.swift in Sources */ = {isa = PBXBuildFile; fileRef = A20000000000000000000043 /* OmenContextStrip.swift */; };
		A20000000000000000000044 /* OmenMatchupHero.swift in Sources */ = {isa = PBXBuildFile; fileRef = A20000000000000000000045 /* OmenMatchupHero.swift */; };

		B10000000000000000000001 /* SessionState.swift in Sources */ = {isa = PBXBuildFile; fileRef = B10000000000000000000011 /* SessionState.swift */; };
		B10000000000000000000002 /* Session.swift in Sources */ = {isa = PBXBuildFile; fileRef = B10000000000000000000012 /* Session.swift */; };
		B10000000000000000000003 /* SecureSessionStore.swift in Sources */ = {isa = PBXBuildFile; fileRef = B10000000000000000000013 /* SecureSessionStore.swift */; };
		B10000000000000000000004 /* KeychainSessionStore.swift in Sources */ = {isa = PBXBuildFile; fileRef = B10000000000000000000014 /* KeychainSessionStore.swift */; };
		B10000000000000000000005 /* SessionManager.swift in Sources */ = {isa = PBXBuildFile; fileRef = B10000000000000000000015 /* SessionManager.swift */; };

		B20000000000000000000001 /* AuthMechanism.swift in Sources */ = {isa = PBXBuildFile; fileRef = B20000000000000000000011 /* AuthMechanism.swift */; };
		B20000000000000000000002 /* AuthOutcome.swift in Sources */ = {isa = PBXBuildFile; fileRef = B20000000000000000000012 /* AuthOutcome.swift */; };
		B20000000000000000000003 /* Validators.swift in Sources */ = {isa = PBXBuildFile; fileRef = B20000000000000000000013 /* Validators.swift */; };
		B20000000000000000000004 /* GoTrueTransport.swift in Sources */ = {isa = PBXBuildFile; fileRef = B20000000000000000000014 /* GoTrueTransport.swift */; };
		B20000000000000000000005 /* AuthRepository.swift in Sources */ = {isa = PBXBuildFile; fileRef = B20000000000000000000015 /* AuthRepository.swift */; };
		B20000000000000000000006 /* AppleIDTokenProvider.swift in Sources */ = {isa = PBXBuildFile; fileRef = B20000000000000000000016 /* AppleIDTokenProvider.swift */; };
		B20000000000000000000007 /* SupabaseAuthRepository.swift in Sources */ = {isa = PBXBuildFile; fileRef = B20000000000000000000017 /* SupabaseAuthRepository.swift */; };
		B20000000000000000000008 /* AccountDeletion.swift in Sources */ = {isa = PBXBuildFile; fileRef = B20000000000000000000018 /* AccountDeletion.swift */; };
		B20000000000000000000009 /* FakeAuthRepository.swift in Sources */ = {isa = PBXBuildFile; fileRef = B20000000000000000000019 /* FakeAuthRepository.swift */; };
		B20000000000000000000010 /* AuthFlow.swift in Sources */ = {isa = PBXBuildFile; fileRef = B20000000000000000000020 /* AuthFlow.swift */; };
		B20000000000000000000021 /* SupabaseOAuthProvider.swift in Sources */ = {isa = PBXBuildFile; fileRef = B20000000000000000000031 /* SupabaseOAuthProvider.swift */; };
		B20000000000000000000022 /* PasskeyProvider.swift in Sources */ = {isa = PBXBuildFile; fileRef = B20000000000000000000032 /* PasskeyProvider.swift */; };
		B20000000000000000000023 /* PkceCodes.swift in Sources */ = {isa = PBXBuildFile; fileRef = B20000000000000000000033 /* PkceCodes.swift */; };
		B30000000000000000000021 /* ASWebAuthenticationOAuthProvider.swift in Sources */ = {isa = PBXBuildFile; fileRef = B30000000000000000000031 /* ASWebAuthenticationOAuthProvider.swift */; };
		B30000000000000000000022 /* URLHelpers.swift in Sources */ = {isa = PBXBuildFile; fileRef = B30000000000000000000032 /* URLHelpers.swift */; };
		D30000000000000000000001 /* NativePasskeyProvider.swift in Sources */ = {isa = PBXBuildFile; fileRef = D30000000000000000000011 /* NativePasskeyProvider.swift */; };

		B30000000000000000000001 /* URLSessionGoTrueTransport.swift in Sources */ = {isa = PBXBuildFile; fileRef = B30000000000000000000011 /* URLSessionGoTrueTransport.swift */; };
		F10000000000000000000005 /* LeagueStandings.swift in Sources */ = {isa = PBXBuildFile; fileRef = F10000000000000000000015 /* LeagueStandings.swift */; };
		E60000000000000000000004 /* LeagueStandingsTests.swift in Sources */ = {isa = PBXBuildFile; fileRef = E60000000000000000000014 /* LeagueStandingsTests.swift */; };
		F10000000000000000000006 /* ConnectFlow.swift in Sources */ = {isa = PBXBuildFile; fileRef = F10000000000000000000016 /* ConnectFlow.swift */; };
		F10000000000000000000007 /* ConnectRepository.swift in Sources */ = {isa = PBXBuildFile; fileRef = F10000000000000000000017 /* ConnectRepository.swift */; };
		F10000000000000000000008 /* ConnectViewModel.swift in Sources */ = {isa = PBXBuildFile; fileRef = F10000000000000000000018 /* ConnectViewModel.swift */; };
		F10000000000000000000009 /* ConnectView.swift in Sources */ = {isa = PBXBuildFile; fileRef = F10000000000000000000019 /* ConnectView.swift */; };
		E60000000000000000000005 /* ConnectFlowTests.swift in Sources */ = {isa = PBXBuildFile; fileRef = E60000000000000000000015 /* ConnectFlowTests.swift */; };
		E80000000000000000000003 /* OmenDecisionTests.swift in Sources */ = {isa = PBXBuildFile; fileRef = E80000000000000000000013 /* OmenDecisionTests.swift */; };
		E80000000000000000000001 /* OmenDecision.swift in Sources */ = {isa = PBXBuildFile; fileRef = E80000000000000000000011 /* OmenDecision.swift */; };
		EA00000000000000000000A1 /* MovesHistory.swift in Sources */ = {isa = PBXBuildFile; fileRef = EA00000000000000000000B1 /* MovesHistory.swift */; };
		EA00000000000000000000A3 /* MovesHistoryTests.swift in Sources */ = {isa = PBXBuildFile; fileRef = EA00000000000000000000B3 /* MovesHistoryTests.swift */; };
		E80000000000000000000002 /* OmenDecisionViewModel.swift in Sources */ = {isa = PBXBuildFile; fileRef = E80000000000000000000012 /* OmenDecisionViewModel.swift */; };
		E70000000000000000000001 /* DraftClaimAbsenceTests.swift in Sources */ = {isa = PBXBuildFile; fileRef = E70000000000000000000011 /* DraftClaimAbsenceTests.swift */; };
		F10000000000000000000001 /* OmenApiClient.swift in Sources */ = {isa = PBXBuildFile; fileRef = F10000000000000000000011 /* OmenApiClient.swift */; };
		070000000000000000000001 /* MinVersionGateClient.swift in Sources */ = {isa = PBXBuildFile; fileRef = 070000000000000000000011 /* MinVersionGateClient.swift */; };
		060000000000000000000001 /* SentryEnvelopeReporter.swift in Sources */ = {isa = PBXBuildFile; fileRef = 060000000000000000000011 /* SentryEnvelopeReporter.swift */; };
		060000000000000000000002 /* SentryEnvelopeReporterTests.swift in Sources */ = {isa = PBXBuildFile; fileRef = 060000000000000000000012 /* SentryEnvelopeReporterTests.swift */; };
		070000000000000000000002 /* UpdateGateViewModel.swift in Sources */ = {isa = PBXBuildFile; fileRef = 070000000000000000000012 /* UpdateGateViewModel.swift */; };
		070000000000000000000003 /* ForcedUpdateView.swift in Sources */ = {isa = PBXBuildFile; fileRef = 070000000000000000000013 /* ForcedUpdateView.swift */; };
		070000000000000000000004 /* MinVersionGateTests.swift in Sources */ = {isa = PBXBuildFile; fileRef = 070000000000000000000014 /* MinVersionGateTests.swift */; };
		F10000000000000000000002 /* DashboardSummary.swift in Sources */ = {isa = PBXBuildFile; fileRef = F10000000000000000000012 /* DashboardSummary.swift */; };
		F10000000000000000000003 /* DashboardRepository.swift in Sources */ = {isa = PBXBuildFile; fileRef = F10000000000000000000013 /* DashboardRepository.swift */; };
		F10000000000000000000004 /* CommandCenterViewModel.swift in Sources */ = {isa = PBXBuildFile; fileRef = F10000000000000000000014 /* CommandCenterViewModel.swift */; };
		E60000000000000000000001 /* OmenApiClientTests.swift in Sources */ = {isa = PBXBuildFile; fileRef = E60000000000000000000011 /* OmenApiClientTests.swift */; };
		E60000000000000000000002 /* DashboardSummaryTests.swift in Sources */ = {isa = PBXBuildFile; fileRef = E60000000000000000000012 /* DashboardSummaryTests.swift */; };
		E60000000000000000000003 /* CommandCenterViewModelTests.swift in Sources */ = {isa = PBXBuildFile; fileRef = E60000000000000000000013 /* CommandCenterViewModelTests.swift */; };
		B30000000000000000000002 /* URLSessionAccountRepository.swift in Sources */ = {isa = PBXBuildFile; fileRef = B30000000000000000000012 /* URLSessionAccountRepository.swift */; };
		B30000000000000000000003 /* NativeAppleIDTokenProvider.swift in Sources */ = {isa = PBXBuildFile; fileRef = B30000000000000000000013 /* NativeAppleIDTokenProvider.swift */; };
		B30000000000000000000004 /* AuthViewModel.swift in Sources */ = {isa = PBXBuildFile; fileRef = B30000000000000000000014 /* AuthViewModel.swift */; };
		B30000000000000000000005 /* WelcomeView.swift in Sources */ = {isa = PBXBuildFile; fileRef = B30000000000000000000015 /* WelcomeView.swift */; };
		B30000000000000000000006 /* SignInView.swift in Sources */ = {isa = PBXBuildFile; fileRef = B30000000000000000000016 /* SignInView.swift */; };
		B30000000000000000000007 /* CommandCenterView.swift in Sources */ = {isa = PBXBuildFile; fileRef = B30000000000000000000017 /* CommandCenterView.swift */; };
		B30000000000000000000008 /* AccountView.swift in Sources */ = {isa = PBXBuildFile; fileRef = B30000000000000000000018 /* AccountView.swift */; };
		B30000000000000000000009 /* DeleteAccountConfirmationView.swift in Sources */ = {isa = PBXBuildFile; fileRef = B30000000000000000000019 /* DeleteAccountConfirmationView.swift */; };
		C10000000000000000000001 /* OmenHelpSupportView.swift in Sources */ = {isa = PBXBuildFile; fileRef = C10000000000000000000011 /* OmenHelpSupportView.swift */; };
		C20000000000000000000001 /* OmenHelpSupportViewTests.swift in Sources */ = {isa = PBXBuildFile; fileRef = C20000000000000000000011 /* OmenHelpSupportViewTests.swift */; };
		C30000000000000000000001 /* OmenContextualHelp.swift in Sources */ = {isa = PBXBuildFile; fileRef = C30000000000000000000011 /* OmenContextualHelp.swift */; };
		C30000000000000000000002 /* OmenContextualHelpContent.swift in Sources */ = {isa = PBXBuildFile; fileRef = C30000000000000000000012 /* OmenContextualHelpContent.swift */; };
		C30000000000000000000003 /* OmenContextualHelpTests.swift in Sources */ = {isa = PBXBuildFile; fileRef = C30000000000000000000013 /* OmenContextualHelpTests.swift */; };
		E90000000000000000000002 /* ContextualHelpAccessibilityUITests.swift in Sources */ = {isa = PBXBuildFile; fileRef = E90000000000000000000011 /* ContextualHelpAccessibilityUITests.swift */; };
		070000000000000000000005 /* ForcedUpdateAccessibilityUITests.swift in Sources */ = {isa = PBXBuildFile; fileRef = 070000000000000000000015 /* ForcedUpdateAccessibilityUITests.swift */; };
		0A0000000000000000000005 /* HelpSupportAccessibilityUITests.swift in Sources */ = {isa = PBXBuildFile; fileRef = 0A0000000000000000000015 /* HelpSupportAccessibilityUITests.swift */; };

		B60000000000000000000001 /* SessionManagerTests.swift in Sources */ = {isa = PBXBuildFile; fileRef = B60000000000000000000011 /* SessionManagerTests.swift */; };
		FA0000000000000000000001 /* KeychainSessionStoreTests.swift in Sources */ = {isa = PBXBuildFile; fileRef = FA0000000000000000000011 /* KeychainSessionStoreTests.swift */; };
		B60000000000000000000002 /* AuthFlowReducerTests.swift in Sources */ = {isa = PBXBuildFile; fileRef = B60000000000000000000012 /* AuthFlowReducerTests.swift */; };
		B60000000000000000000003 /* ValidatorsTests.swift in Sources */ = {isa = PBXBuildFile; fileRef = B60000000000000000000013 /* ValidatorsTests.swift */; };
		B60000000000000000000004 /* FakeAuthRepositoryTests.swift in Sources */ = {isa = PBXBuildFile; fileRef = B60000000000000000000014 /* FakeAuthRepositoryTests.swift */; };
		B60000000000000000000005 /* SupabaseAuthRepositoryTests.swift in Sources */ = {isa = PBXBuildFile; fileRef = B60000000000000000000015 /* SupabaseAuthRepositoryTests.swift */; };
		B60000000000000000000006 /* AccountDeletionTests.swift in Sources */ = {isa = PBXBuildFile; fileRef = B60000000000000000000016 /* AccountDeletionTests.swift */; };
		B60000000000000000000007 /* OmenPlatformBadgeTests.swift in Sources */ = {isa = PBXBuildFile; fileRef = B60000000000000000000017 /* OmenPlatformBadgeTests.swift */; };
		B60000000000000000000008 /* OmenConfirmationDialogTests.swift in Sources */ = {isa = PBXBuildFile; fileRef = B60000000000000000000018 /* OmenConfirmationDialogTests.swift */; };
		B60000000000000000000009 /* PrimitiveEnforcementTests.swift in Sources */ = {isa = PBXBuildFile; fileRef = B60000000000000000000019 /* PrimitiveEnforcementTests.swift */; };
		B6000000000000000000000A /* OmenMetricPrimitivesTests.swift in Sources */ = {isa = PBXBuildFile; fileRef = B6000000000000000000001A /* OmenMetricPrimitivesTests.swift */; };
		B6000000000000000000000B /* OmenConnectionPrimitivesTests.swift in Sources */ = {isa = PBXBuildFile; fileRef = B6000000000000000000001B /* OmenConnectionPrimitivesTests.swift */; };
		B6000000000000000000000C /* OmenDecisionBriefTests.swift in Sources */ = {isa = PBXBuildFile; fileRef = B6000000000000000000001C /* OmenDecisionBriefTests.swift */; };
		B6000000000000000000000D /* OmenCommandCenterScreenTests.swift in Sources */ = {isa = PBXBuildFile; fileRef = B6000000000000000000001D /* OmenCommandCenterScreenTests.swift */; };
		B6000000000000000000000E /* OmenContextStripTests.swift in Sources */ = {isa = PBXBuildFile; fileRef = B6000000000000000000001E /* OmenContextStripTests.swift */; };
		B6000000000000000000000F /* OmenMatchupHeroTests.swift in Sources */ = {isa = PBXBuildFile; fileRef = B6000000000000000000001F /* OmenMatchupHeroTests.swift */; };
		D20000000000000000000001 /* SecureNonceTests.swift in Sources */ = {isa = PBXBuildFile; fileRef = D20000000000000000000011 /* SecureNonceTests.swift */; };
		D20000000000000000000002 /* AuthViewModelAppleTests.swift in Sources */ = {isa = PBXBuildFile; fileRef = D20000000000000000000012 /* AuthViewModelAppleTests.swift */; };
		D40000000000000000000001 /* AuthViewModelPasskeyTests.swift in Sources */ = {isa = PBXBuildFile; fileRef = D40000000000000000000011 /* AuthViewModelPasskeyTests.swift */; };
		D50000000000000000000001 /* URLSessionGoTruePasskeyTransportTests.swift in Sources */ = {isa = PBXBuildFile; fileRef = D50000000000000000000011 /* URLSessionGoTruePasskeyTransportTests.swift */; };

		A10000000000000000000011 /* OmenIOSApp.swift */ = {isa = PBXFileReference; lastKnownFileType = sourcecode.swift; path = OmenIOSApp.swift; sourceTree = "<group>"; };
		A10000000000000000000012 /* AppShellView.swift */ = {isa = PBXFileReference; lastKnownFileType = sourcecode.swift; path = AppShellView.swift; sourceTree = "<group>"; };
		A10000000000000000000013 /* AppEnvironment.swift */ = {isa = PBXFileReference; lastKnownFileType = sourcecode.swift; path = AppEnvironment.swift; sourceTree = "<group>"; };
		A10000000000000000000014 /* OmenCommandCenterScreen.swift */ = {isa = PBXFileReference; lastKnownFileType = sourcecode.swift; path = OmenCommandCenterScreen.swift; sourceTree = "<group>"; };
		A10000000000000000000016 /* ScreenshotScenarios.swift */ = {isa = PBXFileReference; lastKnownFileType = sourcecode.swift; path = ScreenshotScenarios.swift; sourceTree = "<group>"; };
		A10000000000000000000015 /* Info.plist */ = {isa = PBXFileReference; lastKnownFileType = text.plist.xml; path = Info.plist; sourceTree = "<group>"; };
		E10000000000000000000011 /* Assets.xcassets */ = {isa = PBXFileReference; lastKnownFileType = folder.assetcatalog; path = Assets.xcassets; sourceTree = "<group>"; };
		E10000000000000000000012 /* Omen.icon */ = {isa = PBXFileReference; lastKnownFileType = folder.iconcomposer.icon; path = Omen.icon; sourceTree = "<group>"; };
		A10000000000000000000020 /* OmenIOS.app */ = {isa = PBXFileReference; explicitFileType = wrapper.application; path = OmenIOS.app; sourceTree = BUILT_PRODUCTS_DIR; };
		A20000000000000000000011 /* OmenColor.swift */ = {isa = PBXFileReference; lastKnownFileType = sourcecode.swift; path = OmenColor.swift; sourceTree = "<group>"; };
		A20000000000000000000012 /* OmenSpacing.swift */ = {isa = PBXFileReference; lastKnownFileType = sourcecode.swift; path = OmenSpacing.swift; sourceTree = "<group>"; };
		A20000000000000000000013 /* OmenTypography.swift */ = {isa = PBXFileReference; lastKnownFileType = sourcecode.swift; path = OmenTypography.swift; sourceTree = "<group>"; };
		A20000000000000000000014 /* OmenFocusRing.swift */ = {isa = PBXFileReference; lastKnownFileType = sourcecode.swift; path = OmenFocusRing.swift; sourceTree = "<group>"; };
		A20000000000000000000015 /* OmenButton.swift */ = {isa = PBXFileReference; lastKnownFileType = sourcecode.swift; path = OmenButton.swift; sourceTree = "<group>"; };
		A20000000000000000000016 /* OmenIconButton.swift */ = {isa = PBXFileReference; lastKnownFileType = sourcecode.swift; path = OmenIconButton.swift; sourceTree = "<group>"; };
		A20000000000000000000017 /* OmenFormField.swift */ = {isa = PBXFileReference; lastKnownFileType = sourcecode.swift; path = OmenFormField.swift; sourceTree = "<group>"; };
		A20000000000000000000018 /* OmenTextField.swift */ = {isa = PBXFileReference; lastKnownFileType = sourcecode.swift; path = OmenTextField.swift; sourceTree = "<group>"; };
		A20000000000000000000019 /* OmenPicker.swift */ = {isa = PBXFileReference; lastKnownFileType = sourcecode.swift; path = OmenPicker.swift; sourceTree = "<group>"; };
		A2000000000000000000001A /* OmenCard.swift */ = {isa = PBXFileReference; lastKnownFileType = sourcecode.swift; path = OmenCard.swift; sourceTree = "<group>"; };
		A2000000000000000000001B /* OmenBadge.swift */ = {isa = PBXFileReference; lastKnownFileType = sourcecode.swift; path = OmenBadge.swift; sourceTree = "<group>"; };
		A2000000000000000000001C /* OmenChip.swift */ = {isa = PBXFileReference; lastKnownFileType = sourcecode.swift; path = OmenChip.swift; sourceTree = "<group>"; };
		A2000000000000000000001D /* OmenModalSheet.swift */ = {isa = PBXFileReference; lastKnownFileType = sourcecode.swift; path = OmenModalSheet.swift; sourceTree = "<group>"; };
		A2000000000000000000001E /* OmenStateSurface.swift */ = {isa = PBXFileReference; lastKnownFileType = sourcecode.swift; path = OmenStateSurface.swift; sourceTree = "<group>"; };
		A2000000000000000000001F /* OmenListRow.swift */ = {isa = PBXFileReference; lastKnownFileType = sourcecode.swift; path = OmenListRow.swift; sourceTree = "<group>"; };
		A20000000000000000000030 /* OmenPlatformBadge.swift */ = {isa = PBXFileReference; lastKnownFileType = sourcecode.swift; path = OmenPlatformBadge.swift; sourceTree = "<group>"; };
		A20000000000000000000031 /* OmenConfirmationDialog.swift */ = {isa = PBXFileReference; lastKnownFileType = sourcecode.swift; path = OmenConfirmationDialog.swift; sourceTree = "<group>"; };
		A20000000000000000000032 /* DesignSystemGalleryView.swift */ = {isa = PBXFileReference; lastKnownFileType = sourcecode.swift; path = DesignSystemGalleryView.swift; sourceTree = "<group>"; };
		A20000000000000000000033 /* OmenConfidenceBar.swift */ = {isa = PBXFileReference; lastKnownFileType = sourcecode.swift; path = OmenConfidenceBar.swift; sourceTree = "<group>"; };
		A20000000000000000000034 /* OmenRiskPanel.swift */ = {isa = PBXFileReference; lastKnownFileType = sourcecode.swift; path = OmenRiskPanel.swift; sourceTree = "<group>"; };
		A20000000000000000000035 /* OmenMetricStrip.swift */ = {isa = PBXFileReference; lastKnownFileType = sourcecode.swift; path = OmenMetricStrip.swift; sourceTree = "<group>"; };
		A20000000000000000000036 /* OmenSignalList.swift */ = {isa = PBXFileReference; lastKnownFileType = sourcecode.swift; path = OmenSignalList.swift; sourceTree = "<group>"; };
		A20000000000000000000037 /* OmenPlayerRow.swift */ = {isa = PBXFileReference; lastKnownFileType = sourcecode.swift; path = OmenPlayerRow.swift; sourceTree = "<group>"; };
		A20000000000000000000038 /* OmenConnectionStatusBadge.swift */ = {isa = PBXFileReference; lastKnownFileType = sourcecode.swift; path = OmenConnectionStatusBadge.swift; sourceTree = "<group>"; };
		A20000000000000000000047 /* OmenPlatformCompactRow.swift */ = {isa = PBXFileReference; lastKnownFileType = sourcecode.swift; path = OmenPlatformCompactRow.swift; sourceTree = "<group>"; };
		A20000000000000000000039 /* OmenPlatformConnectionCard.swift */ = {isa = PBXFileReference; lastKnownFileType = sourcecode.swift; path = OmenPlatformConnectionCard.swift; sourceTree = "<group>"; };
		A20000000000000000000041 /* OmenDecisionBrief.swift */ = {isa = PBXFileReference; lastKnownFileType = sourcecode.swift; path = OmenDecisionBrief.swift; sourceTree = "<group>"; };
		A20000000000000000000043 /* OmenContextStrip.swift */ = {isa = PBXFileReference; lastKnownFileType = sourcecode.swift; path = OmenContextStrip.swift; sourceTree = "<group>"; };
		A20000000000000000000045 /* OmenMatchupHero.swift */ = {isa = PBXFileReference; lastKnownFileType = sourcecode.swift; path = OmenMatchupHero.swift; sourceTree = "<group>"; };

		B10000000000000000000011 /* SessionState.swift */ = {isa = PBXFileReference; lastKnownFileType = sourcecode.swift; path = SessionState.swift; sourceTree = "<group>"; };
		B10000000000000000000012 /* Session.swift */ = {isa = PBXFileReference; lastKnownFileType = sourcecode.swift; path = Session.swift; sourceTree = "<group>"; };
		B10000000000000000000013 /* SecureSessionStore.swift */ = {isa = PBXFileReference; lastKnownFileType = sourcecode.swift; path = SecureSessionStore.swift; sourceTree = "<group>"; };
		B10000000000000000000014 /* KeychainSessionStore.swift */ = {isa = PBXFileReference; lastKnownFileType = sourcecode.swift; path = KeychainSessionStore.swift; sourceTree = "<group>"; };
		B10000000000000000000015 /* SessionManager.swift */ = {isa = PBXFileReference; lastKnownFileType = sourcecode.swift; path = SessionManager.swift; sourceTree = "<group>"; };

		B20000000000000000000011 /* AuthMechanism.swift */ = {isa = PBXFileReference; lastKnownFileType = sourcecode.swift; path = AuthMechanism.swift; sourceTree = "<group>"; };
		B20000000000000000000012 /* AuthOutcome.swift */ = {isa = PBXFileReference; lastKnownFileType = sourcecode.swift; path = AuthOutcome.swift; sourceTree = "<group>"; };
		B20000000000000000000013 /* Validators.swift */ = {isa = PBXFileReference; lastKnownFileType = sourcecode.swift; path = Validators.swift; sourceTree = "<group>"; };
		B20000000000000000000014 /* GoTrueTransport.swift */ = {isa = PBXFileReference; lastKnownFileType = sourcecode.swift; path = GoTrueTransport.swift; sourceTree = "<group>"; };
		B20000000000000000000015 /* AuthRepository.swift */ = {isa = PBXFileReference; lastKnownFileType = sourcecode.swift; path = AuthRepository.swift; sourceTree = "<group>"; };
		B20000000000000000000016 /* AppleIDTokenProvider.swift */ = {isa = PBXFileReference; lastKnownFileType = sourcecode.swift; path = AppleIDTokenProvider.swift; sourceTree = "<group>"; };
		B20000000000000000000017 /* SupabaseAuthRepository.swift */ = {isa = PBXFileReference; lastKnownFileType = sourcecode.swift; path = SupabaseAuthRepository.swift; sourceTree = "<group>"; };
		B20000000000000000000018 /* AccountDeletion.swift */ = {isa = PBXFileReference; lastKnownFileType = sourcecode.swift; path = AccountDeletion.swift; sourceTree = "<group>"; };
		B20000000000000000000019 /* FakeAuthRepository.swift */ = {isa = PBXFileReference; lastKnownFileType = sourcecode.swift; path = FakeAuthRepository.swift; sourceTree = "<group>"; };
		B20000000000000000000020 /* AuthFlow.swift */ = {isa = PBXFileReference; lastKnownFileType = sourcecode.swift; path = AuthFlow.swift; sourceTree = "<group>"; };
		B20000000000000000000031 /* SupabaseOAuthProvider.swift */ = {isa = PBXFileReference; lastKnownFileType = sourcecode.swift; path = SupabaseOAuthProvider.swift; sourceTree = "<group>"; };
		B20000000000000000000032 /* PasskeyProvider.swift */ = {isa = PBXFileReference; lastKnownFileType = sourcecode.swift; path = PasskeyProvider.swift; sourceTree = "<group>"; };
		B20000000000000000000033 /* PkceCodes.swift */ = {isa = PBXFileReference; lastKnownFileType = sourcecode.swift; path = PkceCodes.swift; sourceTree = "<group>"; };
		B30000000000000000000031 /* ASWebAuthenticationOAuthProvider.swift */ = {isa = PBXFileReference; lastKnownFileType = sourcecode.swift; path = ASWebAuthenticationOAuthProvider.swift; sourceTree = "<group>"; };
		B30000000000000000000032 /* URLHelpers.swift */ = {isa = PBXFileReference; lastKnownFileType = sourcecode.swift; path = URLHelpers.swift; sourceTree = "<group>"; };

		B30000000000000000000011 /* URLSessionGoTrueTransport.swift */ = {isa = PBXFileReference; lastKnownFileType = sourcecode.swift; path = URLSessionGoTrueTransport.swift; sourceTree = "<group>"; };
		F10000000000000000000015 /* LeagueStandings.swift */ = {isa = PBXFileReference; lastKnownFileType = sourcecode.swift; path = LeagueStandings.swift; sourceTree = "<group>"; };
		E60000000000000000000014 /* LeagueStandingsTests.swift */ = {isa = PBXFileReference; lastKnownFileType = sourcecode.swift; path = LeagueStandingsTests.swift; sourceTree = "<group>"; };
		F10000000000000000000016 /* ConnectFlow.swift */ = {isa = PBXFileReference; lastKnownFileType = sourcecode.swift; path = ConnectFlow.swift; sourceTree = "<group>"; };
		F10000000000000000000017 /* ConnectRepository.swift */ = {isa = PBXFileReference; lastKnownFileType = sourcecode.swift; path = ConnectRepository.swift; sourceTree = "<group>"; };
		F10000000000000000000018 /* ConnectViewModel.swift */ = {isa = PBXFileReference; lastKnownFileType = sourcecode.swift; path = ConnectViewModel.swift; sourceTree = "<group>"; };
		F10000000000000000000019 /* ConnectView.swift */ = {isa = PBXFileReference; lastKnownFileType = sourcecode.swift; path = ConnectView.swift; sourceTree = "<group>"; };
		E60000000000000000000015 /* ConnectFlowTests.swift */ = {isa = PBXFileReference; lastKnownFileType = sourcecode.swift; path = ConnectFlowTests.swift; sourceTree = "<group>"; };
		E80000000000000000000013 /* OmenDecisionTests.swift */ = {isa = PBXFileReference; lastKnownFileType = sourcecode.swift; path = OmenDecisionTests.swift; sourceTree = "<group>"; };
		E80000000000000000000011 /* OmenDecision.swift */ = {isa = PBXFileReference; lastKnownFileType = sourcecode.swift; path = OmenDecision.swift; sourceTree = "<group>"; };
		EA00000000000000000000B1 /* MovesHistory.swift */ = {isa = PBXFileReference; lastKnownFileType = sourcecode.swift; path = MovesHistory.swift; sourceTree = "<group>"; };
		EA00000000000000000000B3 /* MovesHistoryTests.swift */ = {isa = PBXFileReference; lastKnownFileType = sourcecode.swift; path = MovesHistoryTests.swift; sourceTree = "<group>"; };
		E80000000000000000000012 /* OmenDecisionViewModel.swift */ = {isa = PBXFileReference; lastKnownFileType = sourcecode.swift; path = OmenDecisionViewModel.swift; sourceTree = "<group>"; };
		E70000000000000000000011 /* DraftClaimAbsenceTests.swift */ = {isa = PBXFileReference; lastKnownFileType = sourcecode.swift; path = DraftClaimAbsenceTests.swift; sourceTree = "<group>"; };
		F10000000000000000000011 /* OmenApiClient.swift */ = {isa = PBXFileReference; lastKnownFileType = sourcecode.swift; path = OmenApiClient.swift; sourceTree = "<group>"; };
		070000000000000000000011 /* MinVersionGateClient.swift */ = {isa = PBXFileReference; lastKnownFileType = sourcecode.swift; path = MinVersionGateClient.swift; sourceTree = "<group>"; };
		060000000000000000000011 /* SentryEnvelopeReporter.swift */ = {isa = PBXFileReference; lastKnownFileType = sourcecode.swift; path = SentryEnvelopeReporter.swift; sourceTree = "<group>"; };
		060000000000000000000012 /* SentryEnvelopeReporterTests.swift */ = {isa = PBXFileReference; lastKnownFileType = sourcecode.swift; path = SentryEnvelopeReporterTests.swift; sourceTree = "<group>"; };
		070000000000000000000012 /* UpdateGateViewModel.swift */ = {isa = PBXFileReference; lastKnownFileType = sourcecode.swift; path = UpdateGateViewModel.swift; sourceTree = "<group>"; };
		070000000000000000000013 /* ForcedUpdateView.swift */ = {isa = PBXFileReference; lastKnownFileType = sourcecode.swift; path = ForcedUpdateView.swift; sourceTree = "<group>"; };
		070000000000000000000014 /* MinVersionGateTests.swift */ = {isa = PBXFileReference; lastKnownFileType = sourcecode.swift; path = MinVersionGateTests.swift; sourceTree = "<group>"; };
		F10000000000000000000012 /* DashboardSummary.swift */ = {isa = PBXFileReference; lastKnownFileType = sourcecode.swift; path = DashboardSummary.swift; sourceTree = "<group>"; };
		F10000000000000000000013 /* DashboardRepository.swift */ = {isa = PBXFileReference; lastKnownFileType = sourcecode.swift; path = DashboardRepository.swift; sourceTree = "<group>"; };
		F10000000000000000000014 /* CommandCenterViewModel.swift */ = {isa = PBXFileReference; lastKnownFileType = sourcecode.swift; path = CommandCenterViewModel.swift; sourceTree = "<group>"; };
		E60000000000000000000011 /* OmenApiClientTests.swift */ = {isa = PBXFileReference; lastKnownFileType = sourcecode.swift; path = OmenApiClientTests.swift; sourceTree = "<group>"; };
		E60000000000000000000012 /* DashboardSummaryTests.swift */ = {isa = PBXFileReference; lastKnownFileType = sourcecode.swift; path = DashboardSummaryTests.swift; sourceTree = "<group>"; };
		E60000000000000000000013 /* CommandCenterViewModelTests.swift */ = {isa = PBXFileReference; lastKnownFileType = sourcecode.swift; path = CommandCenterViewModelTests.swift; sourceTree = "<group>"; };
		B30000000000000000000012 /* URLSessionAccountRepository.swift */ = {isa = PBXFileReference; lastKnownFileType = sourcecode.swift; path = URLSessionAccountRepository.swift; sourceTree = "<group>"; };
		B30000000000000000000013 /* NativeAppleIDTokenProvider.swift */ = {isa = PBXFileReference; lastKnownFileType = sourcecode.swift; path = NativeAppleIDTokenProvider.swift; sourceTree = "<group>"; };
		B30000000000000000000014 /* AuthViewModel.swift */ = {isa = PBXFileReference; lastKnownFileType = sourcecode.swift; path = AuthViewModel.swift; sourceTree = "<group>"; };
		B30000000000000000000015 /* WelcomeView.swift */ = {isa = PBXFileReference; lastKnownFileType = sourcecode.swift; path = WelcomeView.swift; sourceTree = "<group>"; };
		B30000000000000000000016 /* SignInView.swift */ = {isa = PBXFileReference; lastKnownFileType = sourcecode.swift; path = SignInView.swift; sourceTree = "<group>"; };
		B30000000000000000000017 /* CommandCenterView.swift */ = {isa = PBXFileReference; lastKnownFileType = sourcecode.swift; path = CommandCenterView.swift; sourceTree = "<group>"; };
		B30000000000000000000018 /* AccountView.swift */ = {isa = PBXFileReference; lastKnownFileType = sourcecode.swift; path = AccountView.swift; sourceTree = "<group>"; };
		B30000000000000000000019 /* DeleteAccountConfirmationView.swift */ = {isa = PBXFileReference; lastKnownFileType = sourcecode.swift; path = DeleteAccountConfirmationView.swift; sourceTree = "<group>"; };
		C10000000000000000000011 /* OmenHelpSupportView.swift */ = {isa = PBXFileReference; lastKnownFileType = sourcecode.swift; path = OmenHelpSupportView.swift; sourceTree = "<group>"; };
		C20000000000000000000011 /* OmenHelpSupportViewTests.swift */ = {isa = PBXFileReference; lastKnownFileType = sourcecode.swift; path = OmenHelpSupportViewTests.swift; sourceTree = "<group>"; };
		C30000000000000000000011 /* OmenContextualHelp.swift */ = {isa = PBXFileReference; lastKnownFileType = sourcecode.swift; path = OmenContextualHelp.swift; sourceTree = "<group>"; };
		C30000000000000000000012 /* OmenContextualHelpContent.swift */ = {isa = PBXFileReference; lastKnownFileType = sourcecode.swift; path = OmenContextualHelpContent.swift; sourceTree = "<group>"; };
		C30000000000000000000013 /* OmenContextualHelpTests.swift */ = {isa = PBXFileReference; lastKnownFileType = sourcecode.swift; path = OmenContextualHelpTests.swift; sourceTree = "<group>"; };
		E90000000000000000000011 /* ContextualHelpAccessibilityUITests.swift */ = {isa = PBXFileReference; lastKnownFileType = sourcecode.swift; path = ContextualHelpAccessibilityUITests.swift; sourceTree = "<group>"; };
		070000000000000000000015 /* ForcedUpdateAccessibilityUITests.swift */ = {isa = PBXFileReference; lastKnownFileType = sourcecode.swift; path = ForcedUpdateAccessibilityUITests.swift; sourceTree = "<group>"; };
		0A0000000000000000000015 /* HelpSupportAccessibilityUITests.swift */ = {isa = PBXFileReference; lastKnownFileType = sourcecode.swift; path = HelpSupportAccessibilityUITests.swift; sourceTree = "<group>"; };
		E90000000000000000000001 /* OmenIOSUITests.xctest */ = {isa = PBXFileReference; explicitFileType = wrapper.cfbundle; includeInIndex = 0; path = OmenIOSUITests.xctest; sourceTree = BUILT_PRODUCTS_DIR; };

		B40000000000000000000011 /* Base.xcconfig */ = {isa = PBXFileReference; lastKnownFileType = text.xcconfig; path = Base.xcconfig; sourceTree = "<group>"; };

		B50000000000000000000001 /* OmenIOSTests.xctest */ = {isa = PBXFileReference; explicitFileType = wrapper.cfbundle; includeInIndex = 0; path = OmenIOSTests.xctest; sourceTree = BUILT_PRODUCTS_DIR; };

		B60000000000000000000011 /* SessionManagerTests.swift */ = {isa = PBXFileReference; lastKnownFileType = sourcecode.swift; path = SessionManagerTests.swift; sourceTree = "<group>"; };
		FA0000000000000000000011 /* KeychainSessionStoreTests.swift */ = {isa = PBXFileReference; lastKnownFileType = sourcecode.swift; path = KeychainSessionStoreTests.swift; sourceTree = "<group>"; };
		B60000000000000000000012 /* AuthFlowReducerTests.swift */ = {isa = PBXFileReference; lastKnownFileType = sourcecode.swift; path = AuthFlowReducerTests.swift; sourceTree = "<group>"; };
		B60000000000000000000013 /* ValidatorsTests.swift */ = {isa = PBXFileReference; lastKnownFileType = sourcecode.swift; path = ValidatorsTests.swift; sourceTree = "<group>"; };
		B60000000000000000000014 /* FakeAuthRepositoryTests.swift */ = {isa = PBXFileReference; lastKnownFileType = sourcecode.swift; path = FakeAuthRepositoryTests.swift; sourceTree = "<group>"; };
		B60000000000000000000015 /* SupabaseAuthRepositoryTests.swift */ = {isa = PBXFileReference; lastKnownFileType = sourcecode.swift; path = SupabaseAuthRepositoryTests.swift; sourceTree = "<group>"; };
		B60000000000000000000016 /* AccountDeletionTests.swift */ = {isa = PBXFileReference; lastKnownFileType = sourcecode.swift; path = AccountDeletionTests.swift; sourceTree = "<group>"; };
		B60000000000000000000017 /* OmenPlatformBadgeTests.swift */ = {isa = PBXFileReference; lastKnownFileType = sourcecode.swift; path = OmenPlatformBadgeTests.swift; sourceTree = "<group>"; };
		B60000000000000000000018 /* OmenConfirmationDialogTests.swift */ = {isa = PBXFileReference; lastKnownFileType = sourcecode.swift; path = OmenConfirmationDialogTests.swift; sourceTree = "<group>"; };
		B60000000000000000000019 /* PrimitiveEnforcementTests.swift */ = {isa = PBXFileReference; lastKnownFileType = sourcecode.swift; path = PrimitiveEnforcementTests.swift; sourceTree = "<group>"; };
		B6000000000000000000001A /* OmenMetricPrimitivesTests.swift */ = {isa = PBXFileReference; lastKnownFileType = sourcecode.swift; path = OmenMetricPrimitivesTests.swift; sourceTree = "<group>"; };
		B6000000000000000000001B /* OmenConnectionPrimitivesTests.swift */ = {isa = PBXFileReference; lastKnownFileType = sourcecode.swift; path = OmenConnectionPrimitivesTests.swift; sourceTree = "<group>"; };
		B6000000000000000000001C /* OmenDecisionBriefTests.swift */ = {isa = PBXFileReference; lastKnownFileType = sourcecode.swift; path = OmenDecisionBriefTests.swift; sourceTree = "<group>"; };
		B6000000000000000000001D /* OmenCommandCenterScreenTests.swift */ = {isa = PBXFileReference; lastKnownFileType = sourcecode.swift; path = OmenCommandCenterScreenTests.swift; sourceTree = "<group>"; };
		B6000000000000000000001E /* OmenContextStripTests.swift */ = {isa = PBXFileReference; lastKnownFileType = sourcecode.swift; path = OmenContextStripTests.swift; sourceTree = "<group>"; };
		B6000000000000000000001F /* OmenMatchupHeroTests.swift */ = {isa = PBXFileReference; lastKnownFileType = sourcecode.swift; path = OmenMatchupHeroTests.swift; sourceTree = "<group>"; };
		D20000000000000000000011 /* SecureNonceTests.swift */ = {isa = PBXFileReference; lastKnownFileType = sourcecode.swift; path = SecureNonceTests.swift; sourceTree = "<group>"; };
		D20000000000000000000012 /* AuthViewModelAppleTests.swift */ = {isa = PBXFileReference; lastKnownFileType = sourcecode.swift; path = AuthViewModelAppleTests.swift; sourceTree = "<group>"; };
		D10000000000000000000001 /* OmenIOS.entitlements */ = {isa = PBXFileReference; lastKnownFileType = text.plist.entitlements; path = OmenIOS.entitlements; sourceTree = "<group>"; };
		D30000000000000000000011 /* NativePasskeyProvider.swift */ = {isa = PBXFileReference; lastKnownFileType = sourcecode.swift; path = NativePasskeyProvider.swift; sourceTree = "<group>"; };
		D40000000000000000000011 /* AuthViewModelPasskeyTests.swift */ = {isa = PBXFileReference; lastKnownFileType = sourcecode.swift; path = AuthViewModelPasskeyTests.swift; sourceTree = "<group>"; };
		D50000000000000000000011 /* URLSessionGoTruePasskeyTransportTests.swift */ = {isa = PBXFileReference; lastKnownFileType = sourcecode.swift; path = URLSessionGoTruePasskeyTransportTests.swift; sourceTree = "<group>"; };

		A10000000000000000000030 = {isa = PBXGroup; children = (A10000000000000000000031 /* OmenIOS */, B40000000000000000000020 /* Config */, B60000000000000000000020 /* OmenIOSTests */, E90000000000000000000020 /* OmenIOSUITests */, A10000000000000000000032 /* Products */); sourceTree = "<group>"; };
		E90000000000000000000020 /* OmenIOSUITests */ = {isa = PBXGroup; children = (E90000000000000000000011 /* ContextualHelpAccessibilityUITests.swift */, 070000000000000000000015 /* ForcedUpdateAccessibilityUITests.swift */, 0A0000000000000000000015 /* HelpSupportAccessibilityUITests.swift */); path = OmenIOSUITests; sourceTree = "<group>"; };
		A10000000000000000000031 /* OmenIOS */ = {isa = PBXGroup; children = (D10000000000000000000001 /* OmenIOS.entitlements */, A10000000000000000000033 /* App */, A20000000000000000000020 /* DesignSystem */, B10000000000000000000020 /* Session */, B20000000000000000000030 /* Auth */, B30000000000000000000030 /* AppAuth */, E10000000000000000000011 /* Assets.xcassets */, E10000000000000000000012 /* Omen.icon */, A10000000000000000000015 /* Info.plist */); path = OmenIOS; sourceTree = "<group>"; };
		A10000000000000000000032 /* Products */ = {isa = PBXGroup; children = (A10000000000000000000020 /* OmenIOS.app */, B50000000000000000000001 /* OmenIOSTests.xctest */, E90000000000000000000001 /* OmenIOSUITests.xctest */); name = Products; sourceTree = "<group>"; };
		060000000000000000000030 /* AppCrashReporting */ = {isa = PBXGroup; children = (060000000000000000000011 /* SentryEnvelopeReporter.swift */); path = CrashReporting; sourceTree = "<group>"; };
		F10000000000000000000030 /* AppApi */ = {isa = PBXGroup; children = (F10000000000000000000011 /* OmenApiClient.swift */, F10000000000000000000012 /* DashboardSummary.swift */, F10000000000000000000013 /* DashboardRepository.swift */, F10000000000000000000014 /* CommandCenterViewModel.swift */, F10000000000000000000015 /* LeagueStandings.swift */, E80000000000000000000011 /* OmenDecision.swift */, E80000000000000000000012 /* OmenDecisionViewModel.swift */, EA00000000000000000000B1 /* MovesHistory.swift */, 070000000000000000000011 /* MinVersionGateClient.swift */); path = Api; sourceTree = "<group>"; };
		F10000000000000000000031 /* AppConnect */ = {isa = PBXGroup; children = (F10000000000000000000016 /* ConnectFlow.swift */, F10000000000000000000017 /* ConnectRepository.swift */, F10000000000000000000018 /* ConnectViewModel.swift */, F10000000000000000000019 /* ConnectView.swift */); path = Connect; sourceTree = "<group>"; };
		A10000000000000000000033 /* App */ = {isa = PBXGroup; children = (A10000000000000000000011 /* OmenIOSApp.swift */, A10000000000000000000012 /* AppShellView.swift */, A10000000000000000000013 /* AppEnvironment.swift */, 070000000000000000000012 /* UpdateGateViewModel.swift */, 070000000000000000000013 /* ForcedUpdateView.swift */, 060000000000000000000030 /* AppCrashReporting */, F10000000000000000000030 /* AppApi */, F10000000000000000000031 /* AppConnect */, A10000000000000000000034 /* CommandCenter */, A10000000000000000000035 /* Screenshot */, C10000000000000000000020 /* Help */); path = App; sourceTree = "<group>"; };
		A10000000000000000000034 /* CommandCenter */ = {isa = PBXGroup; children = (A10000000000000000000014 /* OmenCommandCenterScreen.swift */); path = CommandCenter; sourceTree = "<group>"; };
		A10000000000000000000035 /* Screenshot */ = {isa = PBXGroup; children = (A10000000000000000000016 /* ScreenshotScenarios.swift */); path = Screenshot; sourceTree = "<group>"; };
		C10000000000000000000020 /* Help */ = {isa = PBXGroup; children = (C10000000000000000000011 /* OmenHelpSupportView.swift */, C30000000000000000000012 /* OmenContextualHelpContent.swift */); path = Help; sourceTree = "<group>"; };
		A20000000000000000000020 /* DesignSystem */ = {isa = PBXGroup; children = (A20000000000000000000011 /* OmenColor.swift */, A20000000000000000000012 /* OmenSpacing.swift */, A20000000000000000000013 /* OmenTypography.swift */, A20000000000000000000014 /* OmenFocusRing.swift */, A20000000000000000000015 /* OmenButton.swift */, A20000000000000000000016 /* OmenIconButton.swift */, A20000000000000000000017 /* OmenFormField.swift */, A20000000000000000000018 /* OmenTextField.swift */, A20000000000000000000019 /* OmenPicker.swift */, A2000000000000000000001A /* OmenCard.swift */, A2000000000000000000001B /* OmenBadge.swift */, A2000000000000000000001C /* OmenChip.swift */, A2000000000000000000001D /* OmenModalSheet.swift */, A2000000000000000000001E /* OmenStateSurface.swift */, A2000000000000000000001F /* OmenListRow.swift */, A20000000000000000000030 /* OmenPlatformBadge.swift */, A20000000000000000000031 /* OmenConfirmationDialog.swift */, A20000000000000000000033 /* OmenConfidenceBar.swift */, A20000000000000000000034 /* OmenRiskPanel.swift */, A20000000000000000000035 /* OmenMetricStrip.swift */, A20000000000000000000036 /* OmenSignalList.swift */, A20000000000000000000037 /* OmenPlayerRow.swift */, A20000000000000000000038 /* OmenConnectionStatusBadge.swift */, A20000000000000000000039 /* OmenPlatformConnectionCard.swift */, A20000000000000000000047 /* OmenPlatformCompactRow.swift */, A20000000000000000000041 /* OmenDecisionBrief.swift */, A20000000000000000000043 /* OmenContextStrip.swift */, A20000000000000000000045 /* OmenMatchupHero.swift */, C30000000000000000000011 /* OmenContextualHelp.swift */, A20000000000000000000032 /* DesignSystemGalleryView.swift */); path = DesignSystem; sourceTree = "<group>"; };

		B10000000000000000000020 /* Session */ = {isa = PBXGroup; children = (B10000000000000000000011 /* SessionState.swift */, B10000000000000000000012 /* Session.swift */, B10000000000000000000013 /* SecureSessionStore.swift */, B10000000000000000000014 /* KeychainSessionStore.swift */, B10000000000000000000015 /* SessionManager.swift */); path = Core/Session; sourceTree = "<group>"; };
		B20000000000000000000030 /* Auth */ = {isa = PBXGroup; children = (B20000000000000000000011 /* AuthMechanism.swift */, B20000000000000000000012 /* AuthOutcome.swift */, B20000000000000000000013 /* Validators.swift */, B20000000000000000000014 /* GoTrueTransport.swift */, B20000000000000000000015 /* AuthRepository.swift */, B20000000000000000000016 /* AppleIDTokenProvider.swift */, B20000000000000000000017 /* SupabaseAuthRepository.swift */, B20000000000000000000018 /* AccountDeletion.swift */, B20000000000000000000019 /* FakeAuthRepository.swift */, B20000000000000000000020 /* AuthFlow.swift */, B20000000000000000000031 /* SupabaseOAuthProvider.swift */, B20000000000000000000032 /* PasskeyProvider.swift */, B20000000000000000000033 /* PkceCodes.swift */); path = Core/Auth; sourceTree = "<group>"; };
		B30000000000000000000030 /* AppAuth */ = {isa = PBXGroup; children = (B30000000000000000000011 /* URLSessionGoTrueTransport.swift */, B30000000000000000000012 /* URLSessionAccountRepository.swift */, B30000000000000000000013 /* NativeAppleIDTokenProvider.swift */, D30000000000000000000011 /* NativePasskeyProvider.swift */, B30000000000000000000014 /* AuthViewModel.swift */, B30000000000000000000015 /* WelcomeView.swift */, B30000000000000000000016 /* SignInView.swift */, B30000000000000000000017 /* CommandCenterView.swift */, B30000000000000000000018 /* AccountView.swift */, B30000000000000000000019 /* DeleteAccountConfirmationView.swift */, B30000000000000000000031 /* ASWebAuthenticationOAuthProvider.swift */, B30000000000000000000032 /* URLHelpers.swift */); path = App/Auth; sourceTree = "<group>"; };
		B40000000000000000000020 /* Config */ = {isa = PBXGroup; children = (B40000000000000000000011 /* Base.xcconfig */); path = Config; sourceTree = "<group>"; };
		B60000000000000000000020 /* OmenIOSTests */ = {isa = PBXGroup; children = (B60000000000000000000011 /* SessionManagerTests.swift */, FA0000000000000000000011 /* KeychainSessionStoreTests.swift */,B60000000000000000000012 /* AuthFlowReducerTests.swift */, B60000000000000000000013 /* ValidatorsTests.swift */, B60000000000000000000014 /* FakeAuthRepositoryTests.swift */, B60000000000000000000015 /* SupabaseAuthRepositoryTests.swift */, B60000000000000000000016 /* AccountDeletionTests.swift */, B60000000000000000000017 /* OmenPlatformBadgeTests.swift */, B60000000000000000000018 /* OmenConfirmationDialogTests.swift */, B60000000000000000000019 /* PrimitiveEnforcementTests.swift */, B6000000000000000000001A /* OmenMetricPrimitivesTests.swift */, B6000000000000000000001B /* OmenConnectionPrimitivesTests.swift */, B6000000000000000000001C /* OmenDecisionBriefTests.swift */, B6000000000000000000001D /* OmenCommandCenterScreenTests.swift */, B6000000000000000000001E /* OmenContextStripTests.swift */, B6000000000000000000001F /* OmenMatchupHeroTests.swift */, D20000000000000000000011 /* SecureNonceTests.swift */, D20000000000000000000012 /* AuthViewModelAppleTests.swift */, D40000000000000000000011 /* AuthViewModelPasskeyTests.swift */, D50000000000000000000011 /* URLSessionGoTruePasskeyTransportTests.swift */, C20000000000000000000011 /* OmenHelpSupportViewTests.swift */, C30000000000000000000013 /* OmenContextualHelpTests.swift */, E60000000000000000000011 /* OmenApiClientTests.swift */, E60000000000000000000012 /* DashboardSummaryTests.swift */, E60000000000000000000013 /* CommandCenterViewModelTests.swift */, E60000000000000000000014 /* LeagueStandingsTests.swift */, E60000000000000000000015 /* ConnectFlowTests.swift */, E70000000000000000000011 /* DraftClaimAbsenceTests.swift */, E80000000000000000000013 /* OmenDecisionTests.swift */, EA00000000000000000000B3 /* MovesHistoryTests.swift */, 070000000000000000000014 /* MinVersionGateTests.swift */, 060000000000000000000012 /* SentryEnvelopeReporterTests.swift */); path = OmenIOSTests; sourceTree = "<group>"; };

		A10000000000000000000040 /* Sources */ = {isa = PBXSourcesBuildPhase; buildActionMask = 2147483647; files = (A10000000000000000000001 /* OmenIOSApp.swift in Sources */, A10000000000000000000002 /* AppShellView.swift in Sources */, A10000000000000000000003 /* AppEnvironment.swift in Sources */, A10000000000000000000004 /* OmenCommandCenterScreen.swift in Sources */, A10000000000000000000005 /* ScreenshotScenarios.swift in Sources */, C10000000000000000000001 /* OmenHelpSupportView.swift in Sources */, C30000000000000000000001 /* OmenContextualHelp.swift in Sources */, C30000000000000000000002 /* OmenContextualHelpContent.swift in Sources */, A20000000000000000000001 /* OmenColor.swift in Sources */, A20000000000000000000002 /* OmenSpacing.swift in Sources */, A20000000000000000000003 /* OmenTypography.swift in Sources */, A20000000000000000000004 /* OmenFocusRing.swift in Sources */, A20000000000000000000005 /* OmenButton.swift in Sources */, A20000000000000000000006 /* OmenIconButton.swift in Sources */, A20000000000000000000007 /* OmenFormField.swift in Sources */, A20000000000000000000008 /* OmenTextField.swift in Sources */, A20000000000000000000009 /* OmenPicker.swift in Sources */, A20000000000000000000010 /* OmenCard.swift in Sources */, A20000000000000000000021 /* OmenBadge.swift in Sources */, A20000000000000000000022 /* OmenChip.swift in Sources */, A20000000000000000000023 /* OmenModalSheet.swift in Sources */, A20000000000000000000024 /* OmenStateSurface.swift in Sources */, A20000000000000000000025 /* OmenListRow.swift in Sources */, A20000000000000000000026 /* OmenPlatformBadge.swift in Sources */, A20000000000000000000027 /* OmenConfirmationDialog.swift in Sources */, A20000000000000000000029 /* OmenConfidenceBar.swift in Sources */, A2000000000000000000002A /* OmenRiskPanel.swift in Sources */, A2000000000000000000002B /* OmenMetricStrip.swift in Sources */, A2000000000000000000002C /* OmenSignalList.swift in Sources */, A2000000000000000000002D /* OmenPlayerRow.swift in Sources */, A2000000000000000000002E /* OmenConnectionStatusBadge.swift in Sources */, A2000000000000000000002F /* OmenPlatformConnectionCard.swift in Sources */, A20000000000000000000046 /* OmenPlatformCompactRow.swift in Sources */, A20000000000000000000040 /* OmenDecisionBrief.swift in Sources */, A20000000000000000000042 /* OmenContextStrip.swift in Sources */, A20000000000000000000044 /* OmenMatchupHero.swift in Sources */, A20000000000000000000028 /* DesignSystemGalleryView.swift in Sources */, B10000000000000000000001 /* SessionState.swift in Sources */, B10000000000000000000002 /* Session.swift in Sources */, B10000000000000000000003 /* SecureSessionStore.swift in Sources */, B10000000000000000000004 /* KeychainSessionStore.swift in Sources */, B10000000000000000000005 /* SessionManager.swift in Sources */, B20000000000000000000001 /* AuthMechanism.swift in Sources */, B20000000000000000000002 /* AuthOutcome.swift in Sources */, B20000000000000000000003 /* Validators.swift in Sources */, B20000000000000000000004 /* GoTrueTransport.swift in Sources */, B20000000000000000000005 /* AuthRepository.swift in Sources */, B20000000000000000000006 /* AppleIDTokenProvider.swift in Sources */, B20000000000000000000007 /* SupabaseAuthRepository.swift in Sources */, B20000000000000000000008 /* AccountDeletion.swift in Sources */, B20000000000000000000009 /* FakeAuthRepository.swift in Sources */, B20000000000000000000010 /* AuthFlow.swift in Sources */, B20000000000000000000021 /* SupabaseOAuthProvider.swift in Sources */, B20000000000000000000022 /* PasskeyProvider.swift in Sources */, B20000000000000000000023 /* PkceCodes.swift in Sources */, B30000000000000000000001 /* URLSessionGoTrueTransport.swift in Sources */, B30000000000000000000002 /* URLSessionAccountRepository.swift in Sources */, B30000000000000000000003 /* NativeAppleIDTokenProvider.swift in Sources */, D30000000000000000000001 /* NativePasskeyProvider.swift in Sources */, B30000000000000000000004 /* AuthViewModel.swift in Sources */, B30000000000000000000005 /* WelcomeView.swift in Sources */, B30000000000000000000006 /* SignInView.swift in Sources */, B30000000000000000000007 /* CommandCenterView.swift in Sources */, B30000000000000000000008 /* AccountView.swift in Sources */, B30000000000000000000009 /* DeleteAccountConfirmationView.swift in Sources */, B30000000000000000000021 /* ASWebAuthenticationOAuthProvider.swift in Sources */, B30000000000000000000022 /* URLHelpers.swift in Sources */, F10000000000000000000001 /* OmenApiClient.swift in Sources */, F10000000000000000000002 /* DashboardSummary.swift in Sources */, F10000000000000000000003 /* DashboardRepository.swift in Sources */, F10000000000000000000004 /* CommandCenterViewModel.swift in Sources */, F10000000000000000000005 /* LeagueStandings.swift in Sources */, F10000000000000000000006 /* ConnectFlow.swift in Sources */, F10000000000000000000007 /* ConnectRepository.swift in Sources */, F10000000000000000000008 /* ConnectViewModel.swift in Sources */, F10000000000000000000009 /* ConnectView.swift in Sources */, E80000000000000000000001 /* OmenDecision.swift in Sources */, E80000000000000000000002 /* OmenDecisionViewModel.swift in Sources */, EA00000000000000000000A1 /* MovesHistory.swift in Sources */, 070000000000000000000001 /* MinVersionGateClient.swift in Sources */, 070000000000000000000002 /* UpdateGateViewModel.swift in Sources */, 070000000000000000000003 /* ForcedUpdateView.swift in Sources */, 060000000000000000000001 /* SentryEnvelopeReporter.swift in Sources */); runOnlyForDeploymentPostprocessing = 0; };
		A10000000000000000000041 /* Resources */ = {isa = PBXResourcesBuildPhase; buildActionMask = 2147483647; files = (E10000000000000000000001 /* Assets.xcassets in Resources */, E10000000000000000000002 /* Omen.icon in Resources */, ); runOnlyForDeploymentPostprocessing = 0; };
		A10000000000000000000042 /* Frameworks */ = {isa = PBXFrameworksBuildPhase; buildActionMask = 2147483647; files = (); runOnlyForDeploymentPostprocessing = 0; };

		B50000000000000000000010 /* Sources */ = {isa = PBXSourcesBuildPhase; buildActionMask = 2147483647; files = (B60000000000000000000001 /* SessionManagerTests.swift in Sources */, FA0000000000000000000001 /* KeychainSessionStoreTests.swift in Sources */,C20000000000000000000001 /* OmenHelpSupportViewTests.swift in Sources */, C30000000000000000000003 /* OmenContextualHelpTests.swift in Sources */, B60000000000000000000002 /* AuthFlowReducerTests.swift in Sources */, B60000000000000000000003 /* ValidatorsTests.swift in Sources */, B60000000000000000000004 /* FakeAuthRepositoryTests.swift in Sources */, B60000000000000000000005 /* SupabaseAuthRepositoryTests.swift in Sources */, B60000000000000000000006 /* AccountDeletionTests.swift in Sources */, B60000000000000000000007 /* OmenPlatformBadgeTests.swift in Sources */, B60000000000000000000008 /* OmenConfirmationDialogTests.swift in Sources */, B60000000000000000000009 /* PrimitiveEnforcementTests.swift in Sources */, B6000000000000000000000A /* OmenMetricPrimitivesTests.swift in Sources */, B6000000000000000000000B /* OmenConnectionPrimitivesTests.swift in Sources */, B6000000000000000000000C /* OmenDecisionBriefTests.swift in Sources */, B6000000000000000000000D /* OmenCommandCenterScreenTests.swift in Sources */, B6000000000000000000000E /* OmenContextStripTests.swift in Sources */, B6000000000000000000000F /* OmenMatchupHeroTests.swift in Sources */, D20000000000000000000001 /* SecureNonceTests.swift in Sources */, D20000000000000000000002 /* AuthViewModelAppleTests.swift in Sources */, D40000000000000000000001 /* AuthViewModelPasskeyTests.swift in Sources */, D50000000000000000000001 /* URLSessionGoTruePasskeyTransportTests.swift in Sources */, E60000000000000000000001 /* OmenApiClientTests.swift in Sources */, E60000000000000000000002 /* DashboardSummaryTests.swift in Sources */, E60000000000000000000003 /* CommandCenterViewModelTests.swift in Sources */, E60000000000000000000004 /* LeagueStandingsTests.swift in Sources */, E60000000000000000000005 /* ConnectFlowTests.swift in Sources */, E70000000000000000000001 /* DraftClaimAbsenceTests.swift in Sources */, E80000000000000000000003 /* OmenDecisionTests.swift in Sources */, EA00000000000000000000A3 /* MovesHistoryTests.swift in Sources */, 070000000000000000000004 /* MinVersionGateTests.swift in Sources */, 060000000000000000000002 /* SentryEnvelopeReporterTests.swift in Sources */); runOnlyForDeploymentPostprocessing = 0; };
		B50000000000000000000011 /* Resources */ = {isa = PBXResourcesBuildPhase; buildActionMask = 2147483647; files = (); runOnlyForDeploymentPostprocessing = 0; };
		B50000000000000000000012 /* Frameworks */ = {isa = PBXFrameworksBuildPhase; buildActionMask = 2147483647; files = (); runOnlyForDeploymentPostprocessing = 0; };
		E90000000000000000000010 /* Sources */ = {isa = PBXSourcesBuildPhase; buildActionMask = 2147483647; files = (E90000000000000000000002 /* ContextualHelpAccessibilityUITests.swift in Sources */, 070000000000000000000005 /* ForcedUpdateAccessibilityUITests.swift in Sources */, 0A0000000000000000000005 /* HelpSupportAccessibilityUITests.swift in Sources */); runOnlyForDeploymentPostprocessing = 0; };
		E90000000000000000000013 /* Resources */ = {isa = PBXResourcesBuildPhase; buildActionMask = 2147483647; files = (); runOnlyForDeploymentPostprocessing = 0; };
		E90000000000000000000012 /* Frameworks */ = {isa = PBXFrameworksBuildPhase; buildActionMask = 2147483647; files = (); runOnlyForDeploymentPostprocessing = 0; };

		B50000000000000000000040 /* PBXContainerItemProxy */ = {isa = PBXContainerItemProxy; containerPortal = A10000000000000000000070 /* Project object */; proxyType = 1; remoteGlobalIDString = A10000000000000000000050; remoteInfo = OmenIOS; };
		B50000000000000000000041 /* PBXTargetDependency */ = {isa = PBXTargetDependency; target = A10000000000000000000050 /* OmenIOS */; targetProxy = B50000000000000000000040 /* PBXContainerItemProxy */; };
		E90000000000000000000040 /* PBXContainerItemProxy */ = {isa = PBXContainerItemProxy; containerPortal = A10000000000000000000070 /* Project object */; proxyType = 1; remoteGlobalIDString = A10000000000000000000050; remoteInfo = OmenIOS; };
		E90000000000000000000041 /* PBXTargetDependency */ = {isa = PBXTargetDependency; target = A10000000000000000000050 /* OmenIOS */; targetProxy = E90000000000000000000040 /* PBXContainerItemProxy */; };

		A10000000000000000000050 /* OmenIOS */ = {isa = PBXNativeTarget; buildConfigurationList = A10000000000000000000060 /* Build configuration list for PBXNativeTarget */; buildPhases = (A10000000000000000000040 /* Sources */, A10000000000000000000041 /* Resources */, A10000000000000000000042 /* Frameworks */); buildRules = (); dependencies = (); name = OmenIOS; productName = OmenIOS; productReference = A10000000000000000000020 /* OmenIOS.app */; productType = "com.apple.product-type.application"; };
		B50000000000000000000020 /* OmenIOSTests */ = {isa = PBXNativeTarget; buildConfigurationList = B50000000000000000000030 /* Build configuration list for PBXNativeTarget "OmenIOSTests" */; buildPhases = (B50000000000000000000010 /* Sources */, B50000000000000000000011 /* Resources */, B50000000000000000000012 /* Frameworks */); buildRules = (); dependencies = (B50000000000000000000041 /* PBXTargetDependency */); name = OmenIOSTests; productName = OmenIOSTests; productReference = B50000000000000000000001 /* OmenIOSTests.xctest */; productType = "com.apple.product-type.bundle.unit-test"; };
		E90000000000000000000030 /* OmenIOSUITests */ = {isa = PBXNativeTarget; buildConfigurationList = E90000000000000000000050 /* Build configuration list for PBXNativeTarget "OmenIOSUITests" */; buildPhases = (E90000000000000000000010 /* Sources */, E90000000000000000000013 /* Resources */, E90000000000000000000012 /* Frameworks */); buildRules = (); dependencies = (E90000000000000000000041 /* PBXTargetDependency */); name = OmenIOSUITests; productName = OmenIOSUITests; productReference = E90000000000000000000001 /* OmenIOSUITests.xctest */; productType = "com.apple.product-type.bundle.ui-testing"; };
		A10000000000000000000070 /* Project object */ = {isa = PBXProject; attributes = { LastUpgradeCheck = 1600; TargetAttributes = { A10000000000000000000050 = { CreatedOnToolsVersion = 16.0; }; B50000000000000000000020 = { CreatedOnToolsVersion = 16.0; TestTargetID = A10000000000000000000050; }; E90000000000000000000030 = { CreatedOnToolsVersion = 16.0; TestTargetID = A10000000000000000000050; }; }; }; buildConfigurationList = A10000000000000000000071 /* Build configuration list for PBXProject */; compatibilityVersion = "Xcode 14.0"; developmentRegion = en; hasScannedForEncodings = 0; knownRegions = (en, Base); mainGroup = A10000000000000000000030; productRefGroup = A10000000000000000000032 /* Products */; projectDirPath = ""; projectRoot = ""; targets = (A10000000000000000000050 /* OmenIOS */, B50000000000000000000020 /* OmenIOSTests */, E90000000000000000000030 /* OmenIOSUITests */); };
		A10000000000000000000071 /* Build configuration list for PBXProject */ = {isa = XCConfigurationList; buildConfigurations = (A10000000000000000000072 /* Debug */, A10000000000000000000073 /* Release */); defaultConfigurationIsVisible = 0; defaultConfigurationName = Release; };
		A10000000000000000000060 /* Build configuration list for PBXNativeTarget */ = {isa = XCConfigurationList; buildConfigurations = (A10000000000000000000061 /* Debug */, A10000000000000000000062 /* Release */); defaultConfigurationIsVisible = 0; defaultConfigurationName = Release; };
		A10000000000000000000072 /* Debug */ = {isa = XCBuildConfiguration; buildSettings = { ASSETCATALOG_COMPILER_APPICON_NAME = Omen; ASSETCATALOG_COMPILER_APPICON_NAME = Omen; CLANG_ENABLE_MODULES = YES; }; name = Debug; };
		A10000000000000000000073 /* Release */ = {isa = XCBuildConfiguration; buildSettings = { ASSETCATALOG_COMPILER_APPICON_NAME = Omen; CLANG_ENABLE_MODULES = YES; }; name = Release; };
		A10000000000000000000061 /* Debug */ = {isa = XCBuildConfiguration; baseConfigurationReference = B40000000000000000000011 /* Base.xcconfig */; buildSettings = { CODE_SIGN_ENTITLEMENTS = OmenIOS/OmenIOS.entitlements; CODE_SIGN_STYLE = Automatic; CURRENT_PROJECT_VERSION = 1; DEVELOPMENT_TEAM = 6RWR5G9894; ENABLE_TESTABILITY = YES; INFOPLIST_FILE = OmenIOS/Info.plist; IPHONEOS_DEPLOYMENT_TARGET = 17.0; MARKETING_VERSION = 0.1.0; PRODUCT_BUNDLE_IDENTIFIER = com.slopssaloon.omen; PRODUCT_NAME = Omen; SDKROOT = iphoneos; SWIFT_VERSION = 5.0; TARGETED_DEVICE_FAMILY = "1,2"; }; name = Debug; };
		A10000000000000000000062 /* Release */ = {isa = XCBuildConfiguration; baseConfigurationReference = B40000000000000000000011 /* Base.xcconfig */; buildSettings = { CODE_SIGN_ENTITLEMENTS = OmenIOS/OmenIOS.entitlements; CODE_SIGN_STYLE = Automatic; CURRENT_PROJECT_VERSION = 1; DEVELOPMENT_TEAM = 6RWR5G9894; INFOPLIST_FILE = OmenIOS/Info.plist; IPHONEOS_DEPLOYMENT_TARGET = 17.0; MARKETING_VERSION = 0.1.0; PRODUCT_BUNDLE_IDENTIFIER = com.slopssaloon.omen; PRODUCT_NAME = Omen; SDKROOT = iphoneos; SWIFT_VERSION = 5.0; TARGETED_DEVICE_FAMILY = "1,2"; }; name = Release; };

		E90000000000000000000050 /* Build configuration list for PBXNativeTarget "OmenIOSUITests" */ = {isa = XCConfigurationList; buildConfigurations = (E90000000000000000000051 /* Debug */, E90000000000000000000052 /* Release */); defaultConfigurationIsVisible = 0; defaultConfigurationName = Release; };
		E90000000000000000000051 /* Debug */ = {isa = XCBuildConfiguration; buildSettings = { CODE_SIGN_STYLE = Automatic; CURRENT_PROJECT_VERSION = 1; DEVELOPMENT_TEAM = 6RWR5G9894; GENERATE_INFOPLIST_FILE = YES; IPHONEOS_DEPLOYMENT_TARGET = 17.0; PRODUCT_BUNDLE_IDENTIFIER = com.slopssaloon.omen.uitests; PRODUCT_NAME = "$(TARGET_NAME)"; SDKROOT = iphoneos; SWIFT_VERSION = 5.0; TARGETED_DEVICE_FAMILY = "1,2"; TEST_TARGET_NAME = OmenIOS; }; name = Debug; };
		E90000000000000000000052 /* Release */ = {isa = XCBuildConfiguration; buildSettings = { CODE_SIGN_STYLE = Automatic; CURRENT_PROJECT_VERSION = 1; DEVELOPMENT_TEAM = 6RWR5G9894; GENERATE_INFOPLIST_FILE = YES; IPHONEOS_DEPLOYMENT_TARGET = 17.0; PRODUCT_BUNDLE_IDENTIFIER = com.slopssaloon.omen.uitests; PRODUCT_NAME = "$(TARGET_NAME)"; SDKROOT = iphoneos; SWIFT_VERSION = 5.0; TARGETED_DEVICE_FAMILY = "1,2"; TEST_TARGET_NAME = OmenIOS; }; name = Release; };
		B50000000000000000000030 /* Build configuration list for PBXNativeTarget "OmenIOSTests" */ = {isa = XCConfigurationList; buildConfigurations = (B50000000000000000000031 /* Debug */, B50000000000000000000032 /* Release */); defaultConfigurationIsVisible = 0; defaultConfigurationName = Release; };
		B50000000000000000000031 /* Debug */ = {isa = XCBuildConfiguration; buildSettings = { BUNDLE_LOADER = "$(TEST_HOST)"; CODE_SIGN_STYLE = Automatic; CURRENT_PROJECT_VERSION = 1; DEVELOPMENT_TEAM = 6RWR5G9894; GENERATE_INFOPLIST_FILE = YES; IPHONEOS_DEPLOYMENT_TARGET = 17.0; PRODUCT_BUNDLE_IDENTIFIER = com.slopssaloon.omen.tests; PRODUCT_NAME = "$(TARGET_NAME)"; SDKROOT = iphoneos; SWIFT_VERSION = 5.0; TARGETED_DEVICE_FAMILY = "1,2"; TEST_HOST = "$(BUILT_PRODUCTS_DIR)/Omen.app/Omen"; }; name = Debug; };
		B50000000000000000000032 /* Release */ = {isa = XCBuildConfiguration; buildSettings = { BUNDLE_LOADER = "$(TEST_HOST)"; CODE_SIGN_STYLE = Automatic; CURRENT_PROJECT_VERSION = 1; DEVELOPMENT_TEAM = 6RWR5G9894; GENERATE_INFOPLIST_FILE = YES; IPHONEOS_DEPLOYMENT_TARGET = 17.0; PRODUCT_BUNDLE_IDENTIFIER = com.slopssaloon.omen.tests; PRODUCT_NAME = "$(TARGET_NAME)"; SDKROOT = iphoneos; SWIFT_VERSION = 5.0; TARGETED_DEVICE_FAMILY = "1,2"; TEST_HOST = "$(BUILT_PRODUCTS_DIR)/Omen.app/Omen"; }; name = Release; };
	};
	rootObject = A10000000000000000000070 /* Project object */;
}
