// !$*UTF8*$!
{
	archiveVersion = 1;
	classes = {};
	objectVersion = 56;
	objects = {

		A10000000000000000000001 /* OmenIOSApp.swift in Sources */ = {isa = PBXBuildFile; fileRef = A10000000000000000000011 /* OmenIOSApp.swift */; };
		A10000000000000000000002 /* AppShellView.swift in Sources */ = {isa = PBXBuildFile; fileRef = A10000000000000000000012 /* AppShellView.swift */; };
		A10000000000000000000003 /* AppEnvironment.swift in Sources */ = {isa = PBXBuildFile; fileRef = A10000000000000000000013 /* AppEnvironment.swift */; };
		A10000000000000000000004 /* SessionStore.swift in Sources */ = {isa = PBXBuildFile; fileRef = A10000000000000000000014 /* SessionStore.swift */; };
		A20000000000000000000001 /* OmenColor.swift in Sources */ = {isa = PBXBuildFile; fileRef = A20000000000000000000011 /* OmenColor.swift */; };
		A20000000000000000000002 /* OmenSpacing.swift in Sources */ = {isa = PBXBuildFile; fileRef = A20000000000000000000012 /* OmenSpacing.swift */; };
		A20000000000000000000003 /* OmenTypography.swift in Sources */ = {isa = PBXBuildFile; fileRef = A20000000000000000000013 /* OmenTypography.swift */; };
		A20000000000000000000004 /* OmenFocusRing.swift in Sources */ = {isa = PBXBuildFile; fileRef = A20000000000000000000014 /* OmenFocusRing.swift */; };
		A20000000000000000000005 /* OmenButton.swift in Sources */ = {isa = PBXBuildFile; fileRef = A20000000000000000000015 /* OmenButton.swift */; };
		A20000000000000000000006 /* OmenIconButton.swift in Sources */ = {isa = PBXBuildFile; fileRef = A20000000000000000000016 /* OmenIconButton.swift */; };
		A20000000000000000000007 /* OmenFormField.swift in Sources */ = {isa = PBXBuildFile; fileRef = A20000000000000000000017 /* OmenFormField.swift */; };
		A20000000000000000000008 /* OmenTextField.swift in Sources */ = {isa = PBXBuildFile; fileRef = A20000000000000000000018 /* OmenTextField.swift */; };
		A20000000000000000000009 /* OmenPicker.swift in Sources */ = {isa = PBXBuildFile; fileRef = A20000000000000000000019 /* OmenPicker.swift */; };
		A20000000000000000000010 /* OmenCard.swift in Sources */ = {isa = PBXBuildFile; fileRef = A2000000000000000000001A /* OmenCard.swift */; };
		A20000000000000000000021 /* OmenBadge.swift in Sources */ = {isa = PBXBuildFile; fileRef = A2000000000000000000001B /* OmenBadge.swift */; };
		A20000000000000000000022 /* OmenChip.swift in Sources */ = {isa = PBXBuildFile; fileRef = A2000000000000000000001C /* OmenChip.swift */; };
		A20000000000000000000023 /* OmenModalSheet.swift in Sources */ = {isa = PBXBuildFile; fileRef = A2000000000000000000001D /* OmenModalSheet.swift */; };
		A20000000000000000000024 /* OmenStateSurface.swift in Sources */ = {isa = PBXBuildFile; fileRef = A2000000000000000000001E /* OmenStateSurface.swift */; };
		A20000000000000000000025 /* OmenListRow.swift in Sources */ = {isa = PBXBuildFile; fileRef = A2000000000000000000001F /* OmenListRow.swift */; };

		A10000000000000000000011 /* OmenIOSApp.swift */ = {isa = PBXFileReference; lastKnownFileType = sourcecode.swift; path = OmenIOSApp.swift; sourceTree = "<group>"; };
		A10000000000000000000012 /* AppShellView.swift */ = {isa = PBXFileReference; lastKnownFileType = sourcecode.swift; path = AppShellView.swift; sourceTree = "<group>"; };
		A10000000000000000000013 /* AppEnvironment.swift */ = {isa = PBXFileReference; lastKnownFileType = sourcecode.swift; path = AppEnvironment.swift; sourceTree = "<group>"; };
		A10000000000000000000014 /* SessionStore.swift */ = {isa = PBXFileReference; lastKnownFileType = sourcecode.swift; path = SessionStore.swift; sourceTree = "<group>"; };
		A10000000000000000000015 /* Info.plist */ = {isa = PBXFileReference; lastKnownFileType = text.plist.xml; path = Info.plist; sourceTree = "<group>"; };
		A10000000000000000000020 /* OmenIOS.app */ = {isa = PBXFileReference; explicitFileType = wrapper.application; path = OmenIOS.app; sourceTree = BUILT_PRODUCTS_DIR; };
		A20000000000000000000011 /* OmenColor.swift */ = {isa = PBXFileReference; lastKnownFileType = sourcecode.swift; path = OmenColor.swift; sourceTree = "<group>"; };
		A20000000000000000000012 /* OmenSpacing.swift */ = {isa = PBXFileReference; lastKnownFileType = sourcecode.swift; path = OmenSpacing.swift; sourceTree = "<group>"; };
		A20000000000000000000013 /* OmenTypography.swift */ = {isa = PBXFileReference; lastKnownFileType = sourcecode.swift; path = OmenTypography.swift; sourceTree = "<group>"; };
		A20000000000000000000014 /* OmenFocusRing.swift */ = {isa = PBXFileReference; lastKnownFileType = sourcecode.swift; path = OmenFocusRing.swift; sourceTree = "<group>"; };
		A20000000000000000000015 /* OmenButton.swift */ = {isa = PBXFileReference; lastKnownFileType = sourcecode.swift; path = OmenButton.swift; sourceTree = "<group>"; };
		A20000000000000000000016 /* OmenIconButton.swift */ = {isa = PBXFileReference; lastKnownFileType = sourcecode.swift; path = OmenIconButton.swift; sourceTree = "<group>"; };
		A20000000000000000000017 /* OmenFormField.swift */ = {isa = PBXFileReference; lastKnownFileType = sourcecode.swift; path = OmenFormField.swift; sourceTree = "<group>"; };
		A20000000000000000000018 /* OmenTextField.swift */ = {isa = PBXFileReference; lastKnownFileType = sourcecode.swift; path = OmenTextField.swift; sourceTree = "<group>"; };
		A20000000000000000000019 /* OmenPicker.swift */ = {isa = PBXFileReference; lastKnownFileType = sourcecode.swift; path = OmenPicker.swift; sourceTree = "<group>"; };
		A2000000000000000000001A /* OmenCard.swift */ = {isa = PBXFileReference; lastKnownFileType = sourcecode.swift; path = OmenCard.swift; sourceTree = "<group>"; };
		A2000000000000000000001B /* OmenBadge.swift */ = {isa = PBXFileReference; lastKnownFileType = sourcecode.swift; path = OmenBadge.swift; sourceTree = "<group>"; };
		A2000000000000000000001C /* OmenChip.swift */ = {isa = PBXFileReference; lastKnownFileType = sourcecode.swift; path = OmenChip.swift; sourceTree = "<group>"; };
		A2000000000000000000001D /* OmenModalSheet.swift */ = {isa = PBXFileReference; lastKnownFileType = sourcecode.swift; path = OmenModalSheet.swift; sourceTree = "<group>"; };
		A2000000000000000000001E /* OmenStateSurface.swift */ = {isa = PBXFileReference; lastKnownFileType = sourcecode.swift; path = OmenStateSurface.swift; sourceTree = "<group>"; };
		A2000000000000000000001F /* OmenListRow.swift */ = {isa = PBXFileReference; lastKnownFileType = sourcecode.swift; path = OmenListRow.swift; sourceTree = "<group>"; };

		A10000000000000000000030 = {isa = PBXGroup; children = (A10000000000000000000031 /* OmenIOS */, A10000000000000000000032 /* Products */); sourceTree = "<group>"; };
		A10000000000000000000031 /* OmenIOS */ = {isa = PBXGroup; children = (A10000000000000000000033 /* App */, A20000000000000000000020 /* DesignSystem */, A10000000000000000000015 /* Info.plist */); path = OmenIOS; sourceTree = "<group>"; };
		A10000000000000000000032 /* Products */ = {isa = PBXGroup; children = (A10000000000000000000020 /* OmenIOS.app */); name = Products; sourceTree = "<group>"; };
		A10000000000000000000033 /* App */ = {isa = PBXGroup; children = (A10000000000000000000011 /* OmenIOSApp.swift */, A10000000000000000000012 /* AppShellView.swift */, A10000000000000000000013 /* AppEnvironment.swift */, A10000000000000000000014 /* SessionStore.swift */); path = App; sourceTree = "<group>"; };
		A20000000000000000000020 /* DesignSystem */ = {isa = PBXGroup; children = (A20000000000000000000011 /* OmenColor.swift */, A20000000000000000000012 /* OmenSpacing.swift */, A20000000000000000000013 /* OmenTypography.swift */, A20000000000000000000014 /* OmenFocusRing.swift */, A20000000000000000000015 /* OmenButton.swift */, A20000000000000000000016 /* OmenIconButton.swift */, A20000000000000000000017 /* OmenFormField.swift */, A20000000000000000000018 /* OmenTextField.swift */, A20000000000000000000019 /* OmenPicker.swift */, A2000000000000000000001A /* OmenCard.swift */, A2000000000000000000001B /* OmenBadge.swift */, A2000000000000000000001C /* OmenChip.swift */, A2000000000000000000001D /* OmenModalSheet.swift */, A2000000000000000000001E /* OmenStateSurface.swift */, A2000000000000000000001F /* OmenListRow.swift */); path = DesignSystem; sourceTree = "<group>"; };

		A10000000000000000000040 /* Sources */ = {isa = PBXSourcesBuildPhase; buildActionMask = 2147483647; files = (A10000000000000000000001 /* OmenIOSApp.swift in Sources */, A10000000000000000000002 /* AppShellView.swift in Sources */, A10000000000000000000003 /* AppEnvironment.swift in Sources */, A10000000000000000000004 /* SessionStore.swift in Sources */, A20000000000000000000001 /* OmenColor.swift in Sources */, A20000000000000000000002 /* OmenSpacing.swift in Sources */, A20000000000000000000003 /* OmenTypography.swift in Sources */, A20000000000000000000004 /* OmenFocusRing.swift in Sources */, A20000000000000000000005 /* OmenButton.swift in Sources */, A20000000000000000000006 /* OmenIconButton.swift in Sources */, A20000000000000000000007 /* OmenFormField.swift in Sources */, A20000000000000000000008 /* OmenTextField.swift in Sources */, A20000000000000000000009 /* OmenPicker.swift in Sources */, A20000000000000000000010 /* OmenCard.swift in Sources */, A20000000000000000000021 /* OmenBadge.swift in Sources */, A20000000000000000000022 /* OmenChip.swift in Sources */, A20000000000000000000023 /* OmenModalSheet.swift in Sources */, A20000000000000000000024 /* OmenStateSurface.swift in Sources */, A20000000000000000000025 /* OmenListRow.swift in Sources */); runOnlyForDeploymentPostprocessing = 0; };
		A10000000000000000000041 /* Resources */ = {isa = PBXResourcesBuildPhase; buildActionMask = 2147483647; files = (); runOnlyForDeploymentPostprocessing = 0; };
		A10000000000000000000042 /* Frameworks */ = {isa = PBXFrameworksBuildPhase; buildActionMask = 2147483647; files = (); runOnlyForDeploymentPostprocessing = 0; };

		A10000000000000000000050 /* OmenIOS */ = {isa = PBXNativeTarget; buildConfigurationList = A10000000000000000000060 /* Build configuration list for PBXNativeTarget */; buildPhases = (A10000000000000000000040 /* Sources */, A10000000000000000000041 /* Resources */, A10000000000000000000042 /* Frameworks */); buildRules = (); dependencies = (); name = OmenIOS; productName = OmenIOS; productReference = A10000000000000000000020 /* OmenIOS.app */; productType = "com.apple.product-type.application"; };
		A10000000000000000000070 /* Project object */ = {isa = PBXProject; attributes = { LastUpgradeCheck = 1600; TargetAttributes = { A10000000000000000000050 = { CreatedOnToolsVersion = 16.0; }; }; }; buildConfigurationList = A10000000000000000000071 /* Build configuration list for PBXProject */; compatibilityVersion = "Xcode 14.0"; developmentRegion = en; hasScannedForEncodings = 0; knownRegions = (en, Base); mainGroup = A10000000000000000000030; productRefGroup = A10000000000000000000032 /* Products */; projectDirPath = ""; projectRoot = ""; targets = (A10000000000000000000050 /* OmenIOS */); };
		A10000000000000000000071 /* Build configuration list for PBXProject */ = {isa = XCConfigurationList; buildConfigurations = (A10000000000000000000072 /* Debug */, A10000000000000000000073 /* Release */); defaultConfigurationIsVisible = 0; defaultConfigurationName = Release; };
		A10000000000000000000060 /* Build configuration list for PBXNativeTarget */ = {isa = XCConfigurationList; buildConfigurations = (A10000000000000000000061 /* Debug */, A10000000000000000000062 /* Release */); defaultConfigurationIsVisible = 0; defaultConfigurationName = Release; };
		A10000000000000000000072 /* Debug */ = {isa = XCBuildConfiguration; buildSettings = { CLANG_ENABLE_MODULES = YES; }; name = Debug; };
		A10000000000000000000073 /* Release */ = {isa = XCBuildConfiguration; buildSettings = { CLANG_ENABLE_MODULES = YES; }; name = Release; };
		A10000000000000000000061 /* Debug */ = {isa = XCBuildConfiguration; buildSettings = { CODE_SIGNING_ALLOWED = NO; CODE_SIGNING_REQUIRED = NO; CURRENT_PROJECT_VERSION = 1; DEVELOPMENT_TEAM = ""; INFOPLIST_FILE = OmenIOS/Info.plist; IPHONEOS_DEPLOYMENT_TARGET = 17.0; MARKETING_VERSION = 0.1.0; PRODUCT_BUNDLE_IDENTIFIER = com.slopssaloon.omen; PRODUCT_NAME = Omen; SDKROOT = iphoneos; SWIFT_VERSION = 5.0; TARGETED_DEVICE_FAMILY = "1,2"; }; name = Debug; };
		A10000000000000000000062 /* Release */ = {isa = XCBuildConfiguration; buildSettings = { CODE_SIGNING_ALLOWED = NO; CODE_SIGNING_REQUIRED = NO; CURRENT_PROJECT_VERSION = 1; DEVELOPMENT_TEAM = ""; INFOPLIST_FILE = OmenIOS/Info.plist; IPHONEOS_DEPLOYMENT_TARGET = 17.0; MARKETING_VERSION = 0.1.0; PRODUCT_BUNDLE_IDENTIFIER = com.slopssaloon.omen; PRODUCT_NAME = Omen; SDKROOT = iphoneos; SWIFT_VERSION = 5.0; TARGETED_DEVICE_FAMILY = "1,2"; }; name = Release; };
	};
	rootObject = A10000000000000000000070 /* Project object */;
}
